// !$*UTF8*$!
{
	archiveVersion = 1;
	classes = {
	};
	objectVersion = 55;
	objects = {

/* Begin PBXBuildFile section */
		9B0A395E28F8335100A10B16 /* ImageSegmentationTest.swift in Sources */ = {isa = PBXBuildFile; fileRef = 9B0A395D28F8335100A10B16 /* ImageSegmentationTest.swift */; };
		9B0A395F28F8335100A10B16 /* ImageSegmentationTest.swift in Sources */ = {isa = PBXBuildFile; fileRef = 9B0A395D28F8335100A10B16 /* ImageSegmentationTest.swift */; };
		9B16483B28C38F8300B45637 /* ImageColorTest.swift in Sources */ = {isa = PBXBuildFile; fileRef = 9B16483A28C38F8300B45637 /* ImageColorTest.swift */; };
		9B206CC828F191E500C50624 /* SymbolsView.swift in Sources */ = {isa = PBXBuildFile; fileRef = 9B206CC728F191E500C50624 /* SymbolsView.swift */; };
		9B206CC928F191E500C50624 /* SymbolsView.swift in Sources */ = {isa = PBXBuildFile; fileRef = 9B206CC728F191E500C50624 /* SymbolsView.swift */; };
		9B27B23228E343C8002DE045 /* Functions.swift in Sources */ = {isa = PBXBuildFile; fileRef = 9BDC827B28C515330032A49E /* Functions.swift */; };
		9B27B23328E343C8002DE045 /* Functions.swift in Sources */ = {isa = PBXBuildFile; fileRef = 9BDC827B28C515330032A49E /* Functions.swift */; };
		9B55DB3E28F95ED900D4ED81 /* ImageSegmentationTest.swift in Sources */ = {isa = PBXBuildFile; fileRef = 9B0A395D28F8335100A10B16 /* ImageSegmentationTest.swift */; };
		9B55DB4028F95EDA00D4ED81 /* ImageSegmentationTest.swift in Sources */ = {isa = PBXBuildFile; fileRef = 9B0A395D28F8335100A10B16 /* ImageSegmentationTest.swift */; };
		9B55DB4128F95EDA00D4ED81 /* ImageSegmentationTest.swift in Sources */ = {isa = PBXBuildFile; fileRef = 9B0A395D28F8335100A10B16 /* ImageSegmentationTest.swift */; };
		9B5E5AEB28C15370002E8056 /* CreateView.swift in Sources */ = {isa = PBXBuildFile; fileRef = 9B5E5AEA28C15370002E8056 /* CreateView.swift */; };
		9B5E5AEC28C15370002E8056 /* CreateView.swift in Sources */ = {isa = PBXBuildFile; fileRef = 9B5E5AEA28C15370002E8056 /* CreateView.swift */; };
		9B5E5AEE28C15583002E8056 /* BackgroundPicker.swift in Sources */ = {isa = PBXBuildFile; fileRef = 9B5E5AED28C15583002E8056 /* BackgroundPicker.swift */; };
		9B5E5AEF28C15583002E8056 /* BackgroundPicker.swift in Sources */ = {isa = PBXBuildFile; fileRef = 9B5E5AED28C15583002E8056 /* BackgroundPicker.swift */; };
		9B5E5AF128C1627F002E8056 /* CircleElementView.swift in Sources */ = {isa = PBXBuildFile; fileRef = 9B5E5AF028C1627F002E8056 /* CircleElementView.swift */; };
		9B5E5AF228C1627F002E8056 /* CircleElementView.swift in Sources */ = {isa = PBXBuildFile; fileRef = 9B5E5AF028C1627F002E8056 /* CircleElementView.swift */; };
		9B73E112283C0849009178A2 /* DaysView.swift in Sources */ = {isa = PBXBuildFile; fileRef = 9B73E111283C0849009178A2 /* DaysView.swift */; };
		9B73E113283C0849009178A2 /* DaysView.swift in Sources */ = {isa = PBXBuildFile; fileRef = 9B73E111283C0849009178A2 /* DaysView.swift */; };
		9B73E115283C09BE009178A2 /* CounterTopView.swift in Sources */ = {isa = PBXBuildFile; fileRef = 9B73E114283C09BE009178A2 /* CounterTopView.swift */; };
		9B73E116283C09BE009178A2 /* CounterTopView.swift in Sources */ = {isa = PBXBuildFile; fileRef = 9B73E114283C09BE009178A2 /* CounterTopView.swift */; };
		9B87C974283A88B40019395E /* DataController.swift in Sources */ = {isa = PBXBuildFile; fileRef = 9B87C973283A88B40019395E /* DataController.swift */; };
		9B87C975283A88B40019395E /* DataController.swift in Sources */ = {isa = PBXBuildFile; fileRef = 9B87C973283A88B40019395E /* DataController.swift */; };
		9B87C976283A88B40019395E /* DataController.swift in Sources */ = {isa = PBXBuildFile; fileRef = 9B87C973283A88B40019395E /* DataController.swift */; };
		9B87C978283A93E40019395E /* Counter.swift in Sources */ = {isa = PBXBuildFile; fileRef = 9B87C977283A93E40019395E /* Counter.swift */; };
		9B87C979283A93E40019395E /* Counter.swift in Sources */ = {isa = PBXBuildFile; fileRef = 9B87C977283A93E40019395E /* Counter.swift */; };
		9B87C97A283A93E40019395E /* Counter.swift in Sources */ = {isa = PBXBuildFile; fileRef = 9B87C977283A93E40019395E /* Counter.swift */; };
		9B8F9B1628F1D0F700C506E0 /* Symbols.swift in Sources */ = {isa = PBXBuildFile; fileRef = 9B8F9B1528F1D0F700C506E0 /* Symbols.swift */; };
		9B8F9B1728F1D0F700C506E0 /* Symbols.swift in Sources */ = {isa = PBXBuildFile; fileRef = 9B8F9B1528F1D0F700C506E0 /* Symbols.swift */; };
		9B9CECE328C1FC04008ADF1E /* SymbolPicker.swift in Sources */ = {isa = PBXBuildFile; fileRef = 9B9CECE228C1FC04008ADF1E /* SymbolPicker.swift */; };
		9B9CECE428C1FC05008ADF1E /* SymbolPicker.swift in Sources */ = {isa = PBXBuildFile; fileRef = 9B9CECE228C1FC04008ADF1E /* SymbolPicker.swift */; };
		9B9F0FFE28D872560093458D /* SettingsView.swift in Sources */ = {isa = PBXBuildFile; fileRef = 9B9F0FFD28D872560093458D /* SettingsView.swift */; };
		9B9F0FFF28D872560093458D /* SettingsView.swift in Sources */ = {isa = PBXBuildFile; fileRef = 9B9F0FFD28D872560093458D /* SettingsView.swift */; };
		9B9F100028D872800093458D /* CounterTopView.swift in Sources */ = {isa = PBXBuildFile; fileRef = 9B73E114283C09BE009178A2 /* CounterTopView.swift */; };
		9BA3E2CA28CE6E2900C2E75C /* WidgetKit.framework in Frameworks */ = {isa = PBXBuildFile; fileRef = 9BA3E2C928CE6E2900C2E75C /* WidgetKit.framework */; };
		9BA3E2CC28CE6E2900C2E75C /* SwiftUI.framework in Frameworks */ = {isa = PBXBuildFile; fileRef = 9BA3E2CB28CE6E2900C2E75C /* SwiftUI.framework */; };
		9BA3E2CF28CE6E2900C2E75C /* ChronosWidget.swift in Sources */ = {isa = PBXBuildFile; fileRef = 9BA3E2CE28CE6E2900C2E75C /* ChronosWidget.swift */; };
		9BA3E2D428CE6E2A00C2E75C /* ChronosWidget.intentdefinition in Sources */ = {isa = PBXBuildFile; fileRef = 9BA3E2D028CE6E2900C2E75C /* ChronosWidget.intentdefinition */; };
		9BA3E2D528CE6E2A00C2E75C /* ChronosWidget.intentdefinition in Sources */ = {isa = PBXBuildFile; fileRef = 9BA3E2D028CE6E2900C2E75C /* ChronosWidget.intentdefinition */; };
		9BA3E2D828CE6E2A00C2E75C /* ChronosWidgetExtension.appex in Embed Foundation Extensions */ = {isa = PBXBuildFile; fileRef = 9BA3E2C728CE6E2900C2E75C /* ChronosWidgetExtension.appex */; settings = {ATTRIBUTES = (RemoveHeadersOnCopy, ); }; };
		9BA3E2DD28CE703B00C2E75C /* CounterCardView.swift in Sources */ = {isa = PBXBuildFile; fileRef = 9BBA6793284A26BD00BF688C /* CounterCardView.swift */; };
		9BA3E2DE28CE703B00C2E75C /* DaysView.swift in Sources */ = {isa = PBXBuildFile; fileRef = 9B73E111283C0849009178A2 /* DaysView.swift */; };
		9BA3E2E028CE704C00C2E75C /* DataController.swift in Sources */ = {isa = PBXBuildFile; fileRef = 9B87C973283A88B40019395E /* DataController.swift */; };
		9BA3E2E128CE704C00C2E75C /* Counter.swift in Sources */ = {isa = PBXBuildFile; fileRef = 9B87C977283A93E40019395E /* Counter.swift */; };
		9BA3E2E228CE704F00C2E75C /* Chronos.xcdatamodeld in Sources */ = {isa = PBXBuildFile; fileRef = 9BFC81D228377E7F00219B51 /* Chronos.xcdatamodeld */; };
		9BA3E2E328CE708100C2E75C /* Functions.swift in Sources */ = {isa = PBXBuildFile; fileRef = 9BDC827B28C515330032A49E /* Functions.swift */; };
		9BA3E2E428CE71CA00C2E75C /* Assets.xcassets in Resources */ = {isa = PBXBuildFile; fileRef = 9BFC81D728377E8100219B51 /* Assets.xcassets */; };
		9BA5F43C28F46EDB0015F429 /* AppIconView.swift in Sources */ = {isa = PBXBuildFile; fileRef = 9BA5F43B28F46EDB0015F429 /* AppIconView.swift */; };
		9BA5F43D28F46EDB0015F429 /* AppIconView.swift in Sources */ = {isa = PBXBuildFile; fileRef = 9BA5F43B28F46EDB0015F429 /* AppIconView.swift */; };
		9BB93DDE28E21D720010CC4E /* Assets.xcassets in Resources */ = {isa = PBXBuildFile; fileRef = 9BFC81D728377E8100219B51 /* Assets.xcassets */; };
		9BBA6794284A26BD00BF688C /* CounterCardView.swift in Sources */ = {isa = PBXBuildFile; fileRef = 9BBA6793284A26BD00BF688C /* CounterCardView.swift */; };
		9BBA6795284A26BD00BF688C /* CounterCardView.swift in Sources */ = {isa = PBXBuildFile; fileRef = 9BBA6793284A26BD00BF688C /* CounterCardView.swift */; };
		9BDC827928C510310032A49E /* CreateTopView.swift in Sources */ = {isa = PBXBuildFile; fileRef = 9BDC827828C510310032A49E /* CreateTopView.swift */; };
		9BDC827A28C510310032A49E /* CreateTopView.swift in Sources */ = {isa = PBXBuildFile; fileRef = 9BDC827828C510310032A49E /* CreateTopView.swift */; };
		9BDC827C28C515330032A49E /* Functions.swift in Sources */ = {isa = PBXBuildFile; fileRef = 9BDC827B28C515330032A49E /* Functions.swift */; };
		9BDC827D28C515330032A49E /* Functions.swift in Sources */ = {isa = PBXBuildFile; fileRef = 9BDC827B28C515330032A49E /* Functions.swift */; };
		9BF3935D28D489510060DFC0 /* Intents.framework in Frameworks */ = {isa = PBXBuildFile; fileRef = 9BF3935C28D489510060DFC0 /* Intents.framework */; };
		9BF3936028D489510060DFC0 /* IntentHandler.swift in Sources */ = {isa = PBXBuildFile; fileRef = 9BF3935F28D489510060DFC0 /* IntentHandler.swift */; };
		9BF3937528D489510060DFC0 /* CounterIntentExtension.appex in Embed Foundation Extensions */ = {isa = PBXBuildFile; fileRef = 9BF3935B28D489510060DFC0 /* CounterIntentExtension.appex */; settings = {ATTRIBUTES = (RemoveHeadersOnCopy, ); }; };
		9BF3937C28D48A180060DFC0 /* ChronosWidget.intentdefinition in Sources */ = {isa = PBXBuildFile; fileRef = 9BA3E2D028CE6E2900C2E75C /* ChronosWidget.intentdefinition */; };
		9BF3937D28D48F2C0060DFC0 /* DataController.swift in Sources */ = {isa = PBXBuildFile; fileRef = 9B87C973283A88B40019395E /* DataController.swift */; };
		9BF3937E28D48F2C0060DFC0 /* Counter.swift in Sources */ = {isa = PBXBuildFile; fileRef = 9B87C977283A93E40019395E /* Counter.swift */; };
		9BF3937F28D490CD0060DFC0 /* Chronos.xcdatamodeld in Sources */ = {isa = PBXBuildFile; fileRef = 9BFC81D228377E7F00219B51 /* Chronos.xcdatamodeld */; };
		9BF3938028D491000060DFC0 /* Functions.swift in Sources */ = {isa = PBXBuildFile; fileRef = 9BDC827B28C515330032A49E /* Functions.swift */; };
		9BFC81EE28377E8100219B51 /* Tests_iOS.swift in Sources */ = {isa = PBXBuildFile; fileRef = 9BFC81ED28377E8100219B51 /* Tests_iOS.swift */; };
		9BFC81F028377E8100219B51 /* Tests_iOSLaunchTests.swift in Sources */ = {isa = PBXBuildFile; fileRef = 9BFC81EF28377E8100219B51 /* Tests_iOSLaunchTests.swift */; };
		9BFC81FA28377E8100219B51 /* Tests_macOS.swift in Sources */ = {isa = PBXBuildFile; fileRef = 9BFC81F928377E8100219B51 /* Tests_macOS.swift */; };
		9BFC81FC28377E8100219B51 /* Tests_macOSLaunchTests.swift in Sources */ = {isa = PBXBuildFile; fileRef = 9BFC81FB28377E8100219B51 /* Tests_macOSLaunchTests.swift */; };
		9BFC81FD28377E8100219B51 /* Chronos.xcdatamodeld in Sources */ = {isa = PBXBuildFile; fileRef = 9BFC81D228377E7F00219B51 /* Chronos.xcdatamodeld */; };
		9BFC81FE28377E8100219B51 /* Chronos.xcdatamodeld in Sources */ = {isa = PBXBuildFile; fileRef = 9BFC81D228377E7F00219B51 /* Chronos.xcdatamodeld */; };
		9BFC81FF28377E8100219B51 /* ChronosCountdownApp.swift in Sources */ = {isa = PBXBuildFile; fileRef = 9BFC81D428377E7F00219B51 /* ChronosCountdownApp.swift */; };
		9BFC820028377E8100219B51 /* ChronosCountdownApp.swift in Sources */ = {isa = PBXBuildFile; fileRef = 9BFC81D428377E7F00219B51 /* ChronosCountdownApp.swift */; };
		9BFC820128377E8100219B51 /* MainView.swift in Sources */ = {isa = PBXBuildFile; fileRef = 9BFC81D528377E7F00219B51 /* MainView.swift */; };
		9BFC820228377E8100219B51 /* MainView.swift in Sources */ = {isa = PBXBuildFile; fileRef = 9BFC81D528377E7F00219B51 /* MainView.swift */; };
		9BFC820528377E8100219B51 /* Assets.xcassets in Resources */ = {isa = PBXBuildFile; fileRef = 9BFC81D728377E8100219B51 /* Assets.xcassets */; };
		9BFC820628377E8100219B51 /* Assets.xcassets in Resources */ = {isa = PBXBuildFile; fileRef = 9BFC81D728377E8100219B51 /* Assets.xcassets */; };
		9BFC824E2839571E00219B51 /* Chronos.xcdatamodeld in Sources */ = {isa = PBXBuildFile; fileRef = 9BFC81D228377E7F00219B51 /* Chronos.xcdatamodeld */; };
		9BFCC21A28D8DCC900FC2CED /* ChronosApp.swift in Sources */ = {isa = PBXBuildFile; fileRef = 9BFCC21928D8DCC900FC2CED /* ChronosApp.swift */; };
		9BFCC21C28D8DCC900FC2CED /* ContentView.swift in Sources */ = {isa = PBXBuildFile; fileRef = 9BFCC21B28D8DCC900FC2CED /* ContentView.swift */; };
		9BFCC21E28D8DCCA00FC2CED /* Assets.xcassets in Resources */ = {isa = PBXBuildFile; fileRef = 9BFCC21D28D8DCCA00FC2CED /* Assets.xcassets */; };
		9BFCC22128D8DCCA00FC2CED /* Preview Assets.xcassets in Resources */ = {isa = PBXBuildFile; fileRef = 9BFCC22028D8DCCA00FC2CED /* Preview Assets.xcassets */; };
		9BFCC22928D8DD2D00FC2CED /* Functions.swift in Sources */ = {isa = PBXBuildFile; fileRef = 9BDC827B28C515330032A49E /* Functions.swift */; };
		9BFCC22A28D8DD3700FC2CED /* DaysView.swift in Sources */ = {isa = PBXBuildFile; fileRef = 9B73E111283C0849009178A2 /* DaysView.swift */; };
		9BFCC22B28D8DD3700FC2CED /* CounterTopView.swift in Sources */ = {isa = PBXBuildFile; fileRef = 9B73E114283C09BE009178A2 /* CounterTopView.swift */; };
		9BFCC22C28D8DD3700FC2CED /* CounterCardView.swift in Sources */ = {isa = PBXBuildFile; fileRef = 9BBA6793284A26BD00BF688C /* CounterCardView.swift */; };
		9BFCC22D28D8DD3C00FC2CED /* Counter.swift in Sources */ = {isa = PBXBuildFile; fileRef = 9B87C977283A93E40019395E /* Counter.swift */; };
		9BFCC22E28D8DD3C00FC2CED /* DataController.swift in Sources */ = {isa = PBXBuildFile; fileRef = 9B87C973283A88B40019395E /* DataController.swift */; };
		9BFCC22F28D8DD3F00FC2CED /* Chronos.xcdatamodeld in Sources */ = {isa = PBXBuildFile; fileRef = 9BFC81D228377E7F00219B51 /* Chronos.xcdatamodeld */; };
		9BFCC23228D8DD5500FC2CED /* Chronos.xcdatamodeld in Sources */ = {isa = PBXBuildFile; fileRef = 9BFC81D228377E7F00219B51 /* Chronos.xcdatamodeld */; };
		9BFCC23328D8DD5500FC2CED /* ChronosWidget.swift in Sources */ = {isa = PBXBuildFile; fileRef = 9BA3E2CE28CE6E2900C2E75C /* ChronosWidget.swift */; };
		9BFCC23428D8DD5500FC2CED /* Functions.swift in Sources */ = {isa = PBXBuildFile; fileRef = 9BDC827B28C515330032A49E /* Functions.swift */; };
		9BFCC23528D8DD5500FC2CED /* DataController.swift in Sources */ = {isa = PBXBuildFile; fileRef = 9B87C973283A88B40019395E /* DataController.swift */; };
		9BFCC23628D8DD5500FC2CED /* DaysView.swift in Sources */ = {isa = PBXBuildFile; fileRef = 9B73E111283C0849009178A2 /* DaysView.swift */; };
		9BFCC23728D8DD5500FC2CED /* CounterTopView.swift in Sources */ = {isa = PBXBuildFile; fileRef = 9B73E114283C09BE009178A2 /* CounterTopView.swift */; };
		9BFCC23828D8DD5500FC2CED /* ChronosWidget.intentdefinition in Sources */ = {isa = PBXBuildFile; fileRef = 9BA3E2D028CE6E2900C2E75C /* ChronosWidget.intentdefinition */; };
		9BFCC23928D8DD5500FC2CED /* CounterCardView.swift in Sources */ = {isa = PBXBuildFile; fileRef = 9BBA6793284A26BD00BF688C /* CounterCardView.swift */; };
		9BFCC23A28D8DD5500FC2CED /* Counter.swift in Sources */ = {isa = PBXBuildFile; fileRef = 9B87C977283A93E40019395E /* Counter.swift */; };
		9BFCC23C28D8DD5500FC2CED /* SwiftUI.framework in Frameworks */ = {isa = PBXBuildFile; fileRef = 9BA3E2CB28CE6E2900C2E75C /* SwiftUI.framework */; };
		9BFCC23D28D8DD5500FC2CED /* WidgetKit.framework in Frameworks */ = {isa = PBXBuildFile; fileRef = 9BA3E2C928CE6E2900C2E75C /* WidgetKit.framework */; };
		9BFCC23F28D8DD5500FC2CED /* Assets.xcassets in Resources */ = {isa = PBXBuildFile; fileRef = 9BFC81D728377E8100219B51 /* Assets.xcassets */; };
		9BFCC24628D8DDCE00FC2CED /* ChronosWidgetExtension watch.appex in Embed Foundation Extensions */ = {isa = PBXBuildFile; fileRef = 9BFCC24428D8DD5500FC2CED /* ChronosWidgetExtension watch.appex */; settings = {ATTRIBUTES = (RemoveHeadersOnCopy, ); }; };
/* End PBXBuildFile section */

/* Begin PBXContainerItemProxy section */
		9BA3E2D628CE6E2A00C2E75C /* PBXContainerItemProxy */ = {
			isa = PBXContainerItemProxy;
			containerPortal = 9BFC81CD28377E7E00219B51 /* Project object */;
			proxyType = 1;
			remoteGlobalIDString = 9BA3E2C628CE6E2900C2E75C;
			remoteInfo = ChronosWidgetExtension;
		};
		9BF3937328D489510060DFC0 /* PBXContainerItemProxy */ = {
			isa = PBXContainerItemProxy;
			containerPortal = 9BFC81CD28377E7E00219B51 /* Project object */;
			proxyType = 1;
			remoteGlobalIDString = 9BF3935A28D489510060DFC0;
			remoteInfo = CounterIntentExtension;
		};
		9BFC81EA28377E8100219B51 /* PBXContainerItemProxy */ = {
			isa = PBXContainerItemProxy;
			containerPortal = 9BFC81CD28377E7E00219B51 /* Project object */;
			proxyType = 1;
			remoteGlobalIDString = 9BFC81DB28377E8100219B51;
			remoteInfo = "Chronos Countdown (iOS)";
		};
		9BFC81F628377E8100219B51 /* PBXContainerItemProxy */ = {
			isa = PBXContainerItemProxy;
			containerPortal = 9BFC81CD28377E7E00219B51 /* Project object */;
			proxyType = 1;
			remoteGlobalIDString = 9BFC81E128377E8100219B51;
			remoteInfo = "Chronos Countdown (macOS)";
		};
		9BFCC24728D8DDCE00FC2CED /* PBXContainerItemProxy */ = {
			isa = PBXContainerItemProxy;
			containerPortal = 9BFC81CD28377E7E00219B51 /* Project object */;
			proxyType = 1;
			remoteGlobalIDString = 9BFCC23028D8DD5500FC2CED;
			remoteInfo = "ChronosWidgetExtension watch";
		};
/* End PBXContainerItemProxy section */

/* Begin PBXCopyFilesBuildPhase section */
		9BA3E2D928CE6E2A00C2E75C /* Embed Foundation Extensions */ = {
			isa = PBXCopyFilesBuildPhase;
			buildActionMask = 2147483647;
			dstPath = "";
			dstSubfolderSpec = 13;
			files = (
				9BA3E2D828CE6E2A00C2E75C /* ChronosWidgetExtension.appex in Embed Foundation Extensions */,
				9BF3937528D489510060DFC0 /* CounterIntentExtension.appex in Embed Foundation Extensions */,
			);
			name = "Embed Foundation Extensions";
			runOnlyForDeploymentPostprocessing = 0;
		};
		9BFCC24928D8DDCE00FC2CED /* Embed Foundation Extensions */ = {
			isa = PBXCopyFilesBuildPhase;
			buildActionMask = 2147483647;
			dstPath = "";
			dstSubfolderSpec = 13;
			files = (
				9BFCC24628D8DDCE00FC2CED /* ChronosWidgetExtension watch.appex in Embed Foundation Extensions */,
			);
			name = "Embed Foundation Extensions";
			runOnlyForDeploymentPostprocessing = 0;
		};
/* End PBXCopyFilesBuildPhase section */

/* Begin PBXFileReference section */
		9B0A395D28F8335100A10B16 /* ImageSegmentationTest.swift */ = {isa = PBXFileReference; lastKnownFileType = sourcecode.swift; path = ImageSegmentationTest.swift; sourceTree = "<group>"; };
		9B16483A28C38F8300B45637 /* ImageColorTest.swift */ = {isa = PBXFileReference; lastKnownFileType = sourcecode.swift; path = ImageColorTest.swift; sourceTree = "<group>"; };
		9B16B3B028CE0275002B7DE2 /* Chronos Countdown (iOS).entitlements */ = {isa = PBXFileReference; lastKnownFileType = text.plist.entitlements; path = "Chronos Countdown (iOS).entitlements"; sourceTree = "<group>"; };
		9B206CC728F191E500C50624 /* SymbolsView.swift */ = {isa = PBXFileReference; lastKnownFileType = sourcecode.swift; path = SymbolsView.swift; sourceTree = "<group>"; };
		9B5E5AEA28C15370002E8056 /* CreateView.swift */ = {isa = PBXFileReference; lastKnownFileType = sourcecode.swift; path = CreateView.swift; sourceTree = "<group>"; };
		9B5E5AED28C15583002E8056 /* BackgroundPicker.swift */ = {isa = PBXFileReference; lastKnownFileType = sourcecode.swift; path = BackgroundPicker.swift; sourceTree = "<group>"; };
		9B5E5AF028C1627F002E8056 /* CircleElementView.swift */ = {isa = PBXFileReference; lastKnownFileType = sourcecode.swift; path = CircleElementView.swift; sourceTree = "<group>"; };
		9B73E111283C0849009178A2 /* DaysView.swift */ = {isa = PBXFileReference; lastKnownFileType = sourcecode.swift; path = DaysView.swift; sourceTree = "<group>"; };
		9B73E114283C09BE009178A2 /* CounterTopView.swift */ = {isa = PBXFileReference; lastKnownFileType = sourcecode.swift; path = CounterTopView.swift; sourceTree = "<group>"; };
		9B87C973283A88B40019395E /* DataController.swift */ = {isa = PBXFileReference; lastKnownFileType = sourcecode.swift; path = DataController.swift; sourceTree = "<group>"; };
		9B87C977283A93E40019395E /* Counter.swift */ = {isa = PBXFileReference; lastKnownFileType = sourcecode.swift; path = Counter.swift; sourceTree = "<group>"; };
		9B8F9B1528F1D0F700C506E0 /* Symbols.swift */ = {isa = PBXFileReference; lastKnownFileType = sourcecode.swift; path = Symbols.swift; sourceTree = "<group>"; };
		9B9CECE228C1FC04008ADF1E /* SymbolPicker.swift */ = {isa = PBXFileReference; lastKnownFileType = sourcecode.swift; path = SymbolPicker.swift; sourceTree = "<group>"; };
		9B9F0FFB28D86F0E0093458D /* CounterIntentExtension.entitlements */ = {isa = PBXFileReference; lastKnownFileType = text.plist.entitlements; path = CounterIntentExtension.entitlements; sourceTree = "<group>"; };
		9B9F0FFC28D86F2F0093458D /* ChronosWidgetExtension.entitlements */ = {isa = PBXFileReference; lastKnownFileType = text.plist.entitlements; path = ChronosWidgetExtension.entitlements; sourceTree = "<group>"; };
		9B9F0FFD28D872560093458D /* SettingsView.swift */ = {isa = PBXFileReference; lastKnownFileType = sourcecode.swift; path = SettingsView.swift; sourceTree = "<group>"; };
		9BA3E2C728CE6E2900C2E75C /* ChronosWidgetExtension.appex */ = {isa = PBXFileReference; explicitFileType = "wrapper.app-extension"; includeInIndex = 0; path = ChronosWidgetExtension.appex; sourceTree = BUILT_PRODUCTS_DIR; };
		9BA3E2C928CE6E2900C2E75C /* WidgetKit.framework */ = {isa = PBXFileReference; lastKnownFileType = wrapper.framework; name = WidgetKit.framework; path = System/Library/Frameworks/WidgetKit.framework; sourceTree = SDKROOT; };
		9BA3E2CB28CE6E2900C2E75C /* SwiftUI.framework */ = {isa = PBXFileReference; lastKnownFileType = wrapper.framework; name = SwiftUI.framework; path = System/Library/Frameworks/SwiftUI.framework; sourceTree = SDKROOT; };
		9BA3E2CE28CE6E2900C2E75C /* ChronosWidget.swift */ = {isa = PBXFileReference; lastKnownFileType = sourcecode.swift; path = ChronosWidget.swift; sourceTree = "<group>"; };
		9BA3E2D028CE6E2900C2E75C /* ChronosWidget.intentdefinition */ = {isa = PBXFileReference; lastKnownFileType = file.intentdefinition; path = ChronosWidget.intentdefinition; sourceTree = "<group>"; };
		9BA3E2D328CE6E2A00C2E75C /* Info.plist */ = {isa = PBXFileReference; lastKnownFileType = text.plist.xml; path = Info.plist; sourceTree = "<group>"; };
		9BA5F43B28F46EDB0015F429 /* AppIconView.swift */ = {isa = PBXFileReference; lastKnownFileType = sourcecode.swift; path = AppIconView.swift; sourceTree = "<group>"; };
		9BBA6793284A26BD00BF688C /* CounterCardView.swift */ = {isa = PBXFileReference; lastKnownFileType = sourcecode.swift; path = CounterCardView.swift; sourceTree = "<group>"; };
		9BDC827828C510310032A49E /* CreateTopView.swift */ = {isa = PBXFileReference; lastKnownFileType = sourcecode.swift; path = CreateTopView.swift; sourceTree = "<group>"; };
		9BDC827B28C515330032A49E /* Functions.swift */ = {isa = PBXFileReference; lastKnownFileType = sourcecode.swift; path = Functions.swift; sourceTree = "<group>"; };
		9BF3935B28D489510060DFC0 /* CounterIntentExtension.appex */ = {isa = PBXFileReference; explicitFileType = "wrapper.app-extension"; includeInIndex = 0; path = CounterIntentExtension.appex; sourceTree = BUILT_PRODUCTS_DIR; };
		9BF3935C28D489510060DFC0 /* Intents.framework */ = {isa = PBXFileReference; lastKnownFileType = wrapper.framework; name = Intents.framework; path = System/Library/Frameworks/Intents.framework; sourceTree = SDKROOT; };
		9BF3935F28D489510060DFC0 /* IntentHandler.swift */ = {isa = PBXFileReference; lastKnownFileType = sourcecode.swift; path = IntentHandler.swift; sourceTree = "<group>"; };
		9BF3936128D489510060DFC0 /* Info.plist */ = {isa = PBXFileReference; lastKnownFileType = text.plist.xml; path = Info.plist; sourceTree = "<group>"; };
		9BF3936728D489510060DFC0 /* IntentsUI.framework */ = {isa = PBXFileReference; lastKnownFileType = wrapper.framework; name = IntentsUI.framework; path = System/Library/Frameworks/IntentsUI.framework; sourceTree = SDKROOT; };
		9BFC81D328377E7F00219B51 /* Shared.xcdatamodel */ = {isa = PBXFileReference; lastKnownFileType = wrapper.xcdatamodel; path = Shared.xcdatamodel; sourceTree = "<group>"; };
		9BFC81D428377E7F00219B51 /* ChronosCountdownApp.swift */ = {isa = PBXFileReference; lastKnownFileType = sourcecode.swift; path = ChronosCountdownApp.swift; sourceTree = "<group>"; };
		9BFC81D528377E7F00219B51 /* MainView.swift */ = {isa = PBXFileReference; lastKnownFileType = sourcecode.swift; path = MainView.swift; sourceTree = "<group>"; };
		9BFC81D728377E8100219B51 /* Assets.xcassets */ = {isa = PBXFileReference; lastKnownFileType = folder.assetcatalog; path = Assets.xcassets; sourceTree = "<group>"; };
		9BFC81DC28377E8100219B51 /* Chronos Countdown.app */ = {isa = PBXFileReference; explicitFileType = wrapper.application; includeInIndex = 0; path = "Chronos Countdown.app"; sourceTree = BUILT_PRODUCTS_DIR; };
		9BFC81E228377E8100219B51 /* Chronos Countdown.app */ = {isa = PBXFileReference; explicitFileType = wrapper.application; includeInIndex = 0; path = "Chronos Countdown.app"; sourceTree = BUILT_PRODUCTS_DIR; };
		9BFC81E428377E8100219B51 /* macOS.entitlements */ = {isa = PBXFileReference; lastKnownFileType = text.plist.entitlements; path = macOS.entitlements; sourceTree = "<group>"; };
		9BFC81E928377E8100219B51 /* Tests iOS.xctest */ = {isa = PBXFileReference; explicitFileType = wrapper.cfbundle; includeInIndex = 0; path = "Tests iOS.xctest"; sourceTree = BUILT_PRODUCTS_DIR; };
		9BFC81ED28377E8100219B51 /* Tests_iOS.swift */ = {isa = PBXFileReference; lastKnownFileType = sourcecode.swift; path = Tests_iOS.swift; sourceTree = "<group>"; };
		9BFC81EF28377E8100219B51 /* Tests_iOSLaunchTests.swift */ = {isa = PBXFileReference; lastKnownFileType = sourcecode.swift; path = Tests_iOSLaunchTests.swift; sourceTree = "<group>"; };
		9BFC81F528377E8100219B51 /* Tests macOS.xctest */ = {isa = PBXFileReference; explicitFileType = wrapper.cfbundle; includeInIndex = 0; path = "Tests macOS.xctest"; sourceTree = BUILT_PRODUCTS_DIR; };
		9BFC81F928377E8100219B51 /* Tests_macOS.swift */ = {isa = PBXFileReference; lastKnownFileType = sourcecode.swift; path = Tests_macOS.swift; sourceTree = "<group>"; };
		9BFC81FB28377E8100219B51 /* Tests_macOSLaunchTests.swift */ = {isa = PBXFileReference; lastKnownFileType = sourcecode.swift; path = Tests_macOSLaunchTests.swift; sourceTree = "<group>"; };
		9BFCC21428D8DCC900FC2CED /* Chronos Watch App.app */ = {isa = PBXFileReference; explicitFileType = wrapper.application; includeInIndex = 0; path = "Chronos Watch App.app"; sourceTree = BUILT_PRODUCTS_DIR; };
		9BFCC21928D8DCC900FC2CED /* ChronosApp.swift */ = {isa = PBXFileReference; lastKnownFileType = sourcecode.swift; path = ChronosApp.swift; sourceTree = "<group>"; };
		9BFCC21B28D8DCC900FC2CED /* ContentView.swift */ = {isa = PBXFileReference; lastKnownFileType = sourcecode.swift; path = ContentView.swift; sourceTree = "<group>"; };
		9BFCC21D28D8DCCA00FC2CED /* Assets.xcassets */ = {isa = PBXFileReference; lastKnownFileType = folder.assetcatalog; path = Assets.xcassets; sourceTree = "<group>"; };
		9BFCC22028D8DCCA00FC2CED /* Preview Assets.xcassets */ = {isa = PBXFileReference; lastKnownFileType = folder.assetcatalog; path = "Preview Assets.xcassets"; sourceTree = "<group>"; };
		9BFCC24428D8DD5500FC2CED /* ChronosWidgetExtension watch.appex */ = {isa = PBXFileReference; explicitFileType = "wrapper.app-extension"; includeInIndex = 0; path = "ChronosWidgetExtension watch.appex"; sourceTree = BUILT_PRODUCTS_DIR; };
		9BFCC24528D8DD5500FC2CED /* ChronosWidgetExtension copy-Info.plist */ = {isa = PBXFileReference; lastKnownFileType = text.plist.xml; name = "ChronosWidgetExtension copy-Info.plist"; path = "/Users/alessandroalberti/ChronosCountdown/ChronosWidgetExtension copy-Info.plist"; sourceTree = "<absolute>"; };
/* End PBXFileReference section */

/* Begin PBXFrameworksBuildPhase section */
		9BA3E2C428CE6E2900C2E75C /* Frameworks */ = {
			isa = PBXFrameworksBuildPhase;
			buildActionMask = 2147483647;
			files = (
				9BA3E2CC28CE6E2900C2E75C /* SwiftUI.framework in Frameworks */,
				9BA3E2CA28CE6E2900C2E75C /* WidgetKit.framework in Frameworks */,
			);
			runOnlyForDeploymentPostprocessing = 0;
		};
		9BF3935828D489510060DFC0 /* Frameworks */ = {
			isa = PBXFrameworksBuildPhase;
			buildActionMask = 2147483647;
			files = (
				9BF3935D28D489510060DFC0 /* Intents.framework in Frameworks */,
			);
			runOnlyForDeploymentPostprocessing = 0;
		};
		9BFC81D928377E8100219B51 /* Frameworks */ = {
			isa = PBXFrameworksBuildPhase;
			buildActionMask = 2147483647;
			files = (
			);
			runOnlyForDeploymentPostprocessing = 0;
		};
		9BFC81DF28377E8100219B51 /* Frameworks */ = {
			isa = PBXFrameworksBuildPhase;
			buildActionMask = 2147483647;
			files = (
			);
			runOnlyForDeploymentPostprocessing = 0;
		};
		9BFC81E628377E8100219B51 /* Frameworks */ = {
			isa = PBXFrameworksBuildPhase;
			buildActionMask = 2147483647;
			files = (
			);
			runOnlyForDeploymentPostprocessing = 0;
		};
		9BFC81F228377E8100219B51 /* Frameworks */ = {
			isa = PBXFrameworksBuildPhase;
			buildActionMask = 2147483647;
			files = (
			);
			runOnlyForDeploymentPostprocessing = 0;
		};
		9BFCC21128D8DCC900FC2CED /* Frameworks */ = {
			isa = PBXFrameworksBuildPhase;
			buildActionMask = 2147483647;
			files = (
			);
			runOnlyForDeploymentPostprocessing = 0;
		};
		9BFCC23B28D8DD5500FC2CED /* Frameworks */ = {
			isa = PBXFrameworksBuildPhase;
			buildActionMask = 2147483647;
			files = (
				9BFCC23C28D8DD5500FC2CED /* SwiftUI.framework in Frameworks */,
				9BFCC23D28D8DD5500FC2CED /* WidgetKit.framework in Frameworks */,
			);
			runOnlyForDeploymentPostprocessing = 0;
		};
/* End PBXFrameworksBuildPhase section */

/* Begin PBXGroup section */
		9B206CCA28F1BA6C00C50624 /* Pickers */ = {
			isa = PBXGroup;
			children = (
				9B5E5AED28C15583002E8056 /* BackgroundPicker.swift */,
				9B9CECE228C1FC04008ADF1E /* SymbolPicker.swift */,
			);
			path = Pickers;
			sourceTree = "<group>";
		};
		9B5E5AE928C15327002E8056 /* Card */ = {
			isa = PBXGroup;
			children = (
				9BBA6793284A26BD00BF688C /* CounterCardView.swift */,
				9B73E114283C09BE009178A2 /* CounterTopView.swift */,
				9B73E111283C0849009178A2 /* DaysView.swift */,
			);
			path = Card;
			sourceTree = "<group>";
		};
		9B794AAD28C3C18D003F2DA8 /* CreateViews */ = {
			isa = PBXGroup;
			children = (
				9B5E5AEA28C15370002E8056 /* CreateView.swift */,
				9BDC827828C510310032A49E /* CreateTopView.swift */,
				9B206CCA28F1BA6C00C50624 /* Pickers */,
				9B206CC728F191E500C50624 /* SymbolsView.swift */,
				9B5E5AF028C1627F002E8056 /* CircleElementView.swift */,
			);
			path = CreateViews;
			sourceTree = "<group>";
		};
		9BA3E2C828CE6E2900C2E75C /* Frameworks */ = {
			isa = PBXGroup;
			children = (
				9BA3E2C928CE6E2900C2E75C /* WidgetKit.framework */,
				9BA3E2CB28CE6E2900C2E75C /* SwiftUI.framework */,
				9BF3935C28D489510060DFC0 /* Intents.framework */,
				9BF3936728D489510060DFC0 /* IntentsUI.framework */,
			);
			name = Frameworks;
			sourceTree = "<group>";
		};
		9BA3E2CD28CE6E2900C2E75C /* ChronosWidget */ = {
			isa = PBXGroup;
			children = (
				9B9F0FFC28D86F2F0093458D /* ChronosWidgetExtension.entitlements */,
				9BA3E2CE28CE6E2900C2E75C /* ChronosWidget.swift */,
				9BA3E2D028CE6E2900C2E75C /* ChronosWidget.intentdefinition */,
				9BA3E2D328CE6E2A00C2E75C /* Info.plist */,
			);
			path = ChronosWidget;
			sourceTree = "<group>";
		};
		9BA5F43A28F46EC40015F429 /* Settings */ = {
			isa = PBXGroup;
			children = (
				9B9F0FFD28D872560093458D /* SettingsView.swift */,
				9BA5F43B28F46EDB0015F429 /* AppIconView.swift */,
			);
			path = Settings;
			sourceTree = "<group>";
		};
		9BF3935E28D489510060DFC0 /* CounterIntentExtension */ = {
			isa = PBXGroup;
			children = (
				9B9F0FFB28D86F0E0093458D /* CounterIntentExtension.entitlements */,
				9BF3935F28D489510060DFC0 /* IntentHandler.swift */,
				9BF3936128D489510060DFC0 /* Info.plist */,
			);
			path = CounterIntentExtension;
			sourceTree = "<group>";
		};
		9BFC81CC28377E7E00219B51 = {
			isa = PBXGroup;
			children = (
				9B16B3B028CE0275002B7DE2 /* Chronos Countdown (iOS).entitlements */,
				9BFC81D728377E8100219B51 /* Assets.xcassets */,
				9BFC81D128377E7F00219B51 /* Shared */,
				9BA3E2CD28CE6E2900C2E75C /* ChronosWidget */,
				9BF3935E28D489510060DFC0 /* CounterIntentExtension */,
				9BFCC21828D8DCC900FC2CED /* Chronos Watch App */,
				9BFC81E328377E8100219B51 /* macOS */,
				9BFC81EC28377E8100219B51 /* Tests iOS */,
				9BFC81F828377E8100219B51 /* Tests macOS */,
				9BA3E2C828CE6E2900C2E75C /* Frameworks */,
				9BFC81DD28377E8100219B51 /* Products */,
				9BFCC24528D8DD5500FC2CED /* ChronosWidgetExtension copy-Info.plist */,
			);
			sourceTree = "<group>";
		};
		9BFC81D128377E7F00219B51 /* Shared */ = {
			isa = PBXGroup;
			children = (
				9BFC81D428377E7F00219B51 /* ChronosCountdownApp.swift */,
				9B16483A28C38F8300B45637 /* ImageColorTest.swift */,
				9B0A395D28F8335100A10B16 /* ImageSegmentationTest.swift */,
				9BDC827B28C515330032A49E /* Functions.swift */,
				9B8F9B1528F1D0F700C506E0 /* Symbols.swift */,
				9BFC821528377EFF00219B51 /* Views */,
				9BFC821628377F2100219B51 /* Model */,
				9BFC81D228377E7F00219B51 /* Chronos.xcdatamodeld */,
			);
			path = Shared;
			sourceTree = "<group>";
		};
		9BFC81DD28377E8100219B51 /* Products */ = {
			isa = PBXGroup;
			children = (
				9BFC81DC28377E8100219B51 /* Chronos Countdown.app */,
				9BFC81E228377E8100219B51 /* Chronos Countdown.app */,
				9BFC81E928377E8100219B51 /* Tests iOS.xctest */,
				9BFC81F528377E8100219B51 /* Tests macOS.xctest */,
				9BA3E2C728CE6E2900C2E75C /* ChronosWidgetExtension.appex */,
				9BF3935B28D489510060DFC0 /* CounterIntentExtension.appex */,
				9BFCC21428D8DCC900FC2CED /* Chronos Watch App.app */,
				9BFCC24428D8DD5500FC2CED /* ChronosWidgetExtension watch.appex */,
			);
			name = Products;
			sourceTree = "<group>";
		};
		9BFC81E328377E8100219B51 /* macOS */ = {
			isa = PBXGroup;
			children = (
				9BFC81E428377E8100219B51 /* macOS.entitlements */,
			);
			path = macOS;
			sourceTree = "<group>";
		};
		9BFC81EC28377E8100219B51 /* Tests iOS */ = {
			isa = PBXGroup;
			children = (
				9BFC81ED28377E8100219B51 /* Tests_iOS.swift */,
				9BFC81EF28377E8100219B51 /* Tests_iOSLaunchTests.swift */,
			);
			path = "Tests iOS";
			sourceTree = "<group>";
		};
		9BFC81F828377E8100219B51 /* Tests macOS */ = {
			isa = PBXGroup;
			children = (
				9BFC81F928377E8100219B51 /* Tests_macOS.swift */,
				9BFC81FB28377E8100219B51 /* Tests_macOSLaunchTests.swift */,
			);
			path = "Tests macOS";
			sourceTree = "<group>";
		};
		9BFC821528377EFF00219B51 /* Views */ = {
			isa = PBXGroup;
			children = (
				9BFC81D528377E7F00219B51 /* MainView.swift */,
				9BA5F43A28F46EC40015F429 /* Settings */,
				9B794AAD28C3C18D003F2DA8 /* CreateViews */,
				9B5E5AE928C15327002E8056 /* Card */,
			);
			path = Views;
			sourceTree = "<group>";
		};
		9BFC821628377F2100219B51 /* Model */ = {
			isa = PBXGroup;
			children = (
				9B87C977283A93E40019395E /* Counter.swift */,
				9B87C973283A88B40019395E /* DataController.swift */,
			);
			path = Model;
			sourceTree = "<group>";
		};
		9BFCC21828D8DCC900FC2CED /* Chronos Watch App */ = {
			isa = PBXGroup;
			children = (
				9BFCC21928D8DCC900FC2CED /* ChronosApp.swift */,
				9BFCC21B28D8DCC900FC2CED /* ContentView.swift */,
				9BFCC21D28D8DCCA00FC2CED /* Assets.xcassets */,
				9BFCC21F28D8DCCA00FC2CED /* Preview Content */,
			);
			path = "Chronos Watch App";
			sourceTree = "<group>";
		};
		9BFCC21F28D8DCCA00FC2CED /* Preview Content */ = {
			isa = PBXGroup;
			children = (
				9BFCC22028D8DCCA00FC2CED /* Preview Assets.xcassets */,
			);
			path = "Preview Content";
			sourceTree = "<group>";
		};
/* End PBXGroup section */

/* Begin PBXNativeTarget section */
		9BA3E2C628CE6E2900C2E75C /* ChronosWidgetExtension */ = {
			isa = PBXNativeTarget;
			buildConfigurationList = 9BA3E2DC28CE6E2A00C2E75C /* Build configuration list for PBXNativeTarget "ChronosWidgetExtension" */;
			buildPhases = (
				9BA3E2C328CE6E2900C2E75C /* Sources */,
				9BA3E2C428CE6E2900C2E75C /* Frameworks */,
				9BA3E2C528CE6E2900C2E75C /* Resources */,
			);
			buildRules = (
			);
			dependencies = (
			);
			name = ChronosWidgetExtension;
			productName = ChronosWidgetExtension;
			productReference = 9BA3E2C728CE6E2900C2E75C /* ChronosWidgetExtension.appex */;
			productType = "com.apple.product-type.app-extension";
		};
		9BF3935A28D489510060DFC0 /* CounterIntentExtension */ = {
			isa = PBXNativeTarget;
			buildConfigurationList = 9BF3937928D489510060DFC0 /* Build configuration list for PBXNativeTarget "CounterIntentExtension" */;
			buildPhases = (
				9BF3935728D489510060DFC0 /* Sources */,
				9BF3935828D489510060DFC0 /* Frameworks */,
				9BF3935928D489510060DFC0 /* Resources */,
			);
			buildRules = (
			);
			dependencies = (
			);
			name = CounterIntentExtension;
			productName = CounterIntentExtension;
			productReference = 9BF3935B28D489510060DFC0 /* CounterIntentExtension.appex */;
			productType = "com.apple.product-type.app-extension";
		};
		9BFC81DB28377E8100219B51 /* Chronos (iOS) */ = {
			isa = PBXNativeTarget;
			buildConfigurationList = 9BFC820928377E8100219B51 /* Build configuration list for PBXNativeTarget "Chronos (iOS)" */;
			buildPhases = (
				9BFC81D828377E8100219B51 /* Sources */,
				9BFC81D928377E8100219B51 /* Frameworks */,
				9BFC81DA28377E8100219B51 /* Resources */,
				9BA3E2D928CE6E2A00C2E75C /* Embed Foundation Extensions */,
			);
			buildRules = (
			);
			dependencies = (
				9BA3E2D728CE6E2A00C2E75C /* PBXTargetDependency */,
				9BF3937428D489510060DFC0 /* PBXTargetDependency */,
			);
			name = "Chronos (iOS)";
			productName = "Chronos Countdown (iOS)";
			productReference = 9BFC81DC28377E8100219B51 /* Chronos Countdown.app */;
			productType = "com.apple.product-type.application";
		};
		9BFC81E128377E8100219B51 /* Chronos (macOS) */ = {
			isa = PBXNativeTarget;
			buildConfigurationList = 9BFC820C28377E8100219B51 /* Build configuration list for PBXNativeTarget "Chronos (macOS)" */;
			buildPhases = (
				9BFC81DE28377E8100219B51 /* Sources */,
				9BFC81DF28377E8100219B51 /* Frameworks */,
				9BFC81E028377E8100219B51 /* Resources */,
			);
			buildRules = (
			);
			dependencies = (
			);
			name = "Chronos (macOS)";
			productName = "Chronos Countdown (macOS)";
			productReference = 9BFC81E228377E8100219B51 /* Chronos Countdown.app */;
			productType = "com.apple.product-type.application";
		};
		9BFC81E828377E8100219B51 /* Tests iOS */ = {
			isa = PBXNativeTarget;
			buildConfigurationList = 9BFC820F28377E8100219B51 /* Build configuration list for PBXNativeTarget "Tests iOS" */;
			buildPhases = (
				9BFC81E528377E8100219B51 /* Sources */,
				9BFC81E628377E8100219B51 /* Frameworks */,
				9BFC81E728377E8100219B51 /* Resources */,
			);
			buildRules = (
			);
			dependencies = (
				9BFC81EB28377E8100219B51 /* PBXTargetDependency */,
			);
			name = "Tests iOS";
			productName = "Tests iOS";
			productReference = 9BFC81E928377E8100219B51 /* Tests iOS.xctest */;
			productType = "com.apple.product-type.bundle.ui-testing";
		};
		9BFC81F428377E8100219B51 /* Tests macOS */ = {
			isa = PBXNativeTarget;
			buildConfigurationList = 9BFC821228377E8100219B51 /* Build configuration list for PBXNativeTarget "Tests macOS" */;
			buildPhases = (
				9BFC81F128377E8100219B51 /* Sources */,
				9BFC81F228377E8100219B51 /* Frameworks */,
				9BFC81F328377E8100219B51 /* Resources */,
			);
			buildRules = (
			);
			dependencies = (
				9BFC81F728377E8100219B51 /* PBXTargetDependency */,
			);
			name = "Tests macOS";
			productName = "Tests macOS";
			productReference = 9BFC81F528377E8100219B51 /* Tests macOS.xctest */;
			productType = "com.apple.product-type.bundle.ui-testing";
		};
		9BFCC21328D8DCC900FC2CED /* Chronos Watch App */ = {
			isa = PBXNativeTarget;
			buildConfigurationList = 9BFCC22728D8DCCA00FC2CED /* Build configuration list for PBXNativeTarget "Chronos Watch App" */;
			buildPhases = (
				9BFCC21028D8DCC900FC2CED /* Sources */,
				9BFCC21128D8DCC900FC2CED /* Frameworks */,
				9BFCC21228D8DCC900FC2CED /* Resources */,
				9BFCC24928D8DDCE00FC2CED /* Embed Foundation Extensions */,
			);
			buildRules = (
			);
			dependencies = (
				9BFCC24828D8DDCE00FC2CED /* PBXTargetDependency */,
			);
			name = "Chronos Watch App";
			productName = "Chronos Watch App";
			productReference = 9BFCC21428D8DCC900FC2CED /* Chronos Watch App.app */;
			productType = "com.apple.product-type.application";
		};
		9BFCC23028D8DD5500FC2CED /* ChronosWidgetExtension watch */ = {
			isa = PBXNativeTarget;
			buildConfigurationList = 9BFCC24128D8DD5500FC2CED /* Build configuration list for PBXNativeTarget "ChronosWidgetExtension watch" */;
			buildPhases = (
				9BFCC23128D8DD5500FC2CED /* Sources */,
				9BFCC23B28D8DD5500FC2CED /* Frameworks */,
				9BFCC23E28D8DD5500FC2CED /* Resources */,
			);
			buildRules = (
			);
			dependencies = (
			);
			name = "ChronosWidgetExtension watch";
			productName = ChronosWidgetExtension;
			productReference = 9BFCC24428D8DD5500FC2CED /* ChronosWidgetExtension watch.appex */;
			productType = "com.apple.product-type.app-extension";
		};
/* End PBXNativeTarget section */

/* Begin PBXProject section */
		9BFC81CD28377E7E00219B51 /* Project object */ = {
			isa = PBXProject;
			attributes = {
				BuildIndependentTargetsInParallel = 1;
				LastSwiftUpdateCheck = 1400;
				LastUpgradeCheck = 1400;
				TargetAttributes = {
					9BA3E2C628CE6E2900C2E75C = {
						CreatedOnToolsVersion = 14.0;
					};
					9BF3935A28D489510060DFC0 = {
						CreatedOnToolsVersion = 14.0;
					};
					9BFC81DB28377E8100219B51 = {
						CreatedOnToolsVersion = 13.3.1;
					};
					9BFC81E128377E8100219B51 = {
						CreatedOnToolsVersion = 13.3.1;
					};
					9BFC81E828377E8100219B51 = {
						CreatedOnToolsVersion = 13.3.1;
						TestTargetID = 9BFC81DB28377E8100219B51;
					};
					9BFC81F428377E8100219B51 = {
						CreatedOnToolsVersion = 13.3.1;
						TestTargetID = 9BFC81E128377E8100219B51;
					};
					9BFCC21328D8DCC900FC2CED = {
						CreatedOnToolsVersion = 14.0;
					};
				};
			};
			buildConfigurationList = 9BFC81D028377E7E00219B51 /* Build configuration list for PBXProject "Chronos Countdown" */;
			compatibilityVersion = "Xcode 13.0";
			developmentRegion = en;
			hasScannedForEncodings = 0;
			knownRegions = (
				en,
				Base,
			);
			mainGroup = 9BFC81CC28377E7E00219B51;
			productRefGroup = 9BFC81DD28377E8100219B51 /* Products */;
			projectDirPath = "";
			projectRoot = "";
			targets = (
				9BFC81DB28377E8100219B51 /* Chronos (iOS) */,
				9BFC81E128377E8100219B51 /* Chronos (macOS) */,
				9BFC81E828377E8100219B51 /* Tests iOS */,
				9BFC81F428377E8100219B51 /* Tests macOS */,
				9BA3E2C628CE6E2900C2E75C /* ChronosWidgetExtension */,
				9BF3935A28D489510060DFC0 /* CounterIntentExtension */,
				9BFCC21328D8DCC900FC2CED /* Chronos Watch App */,
				9BFCC23028D8DD5500FC2CED /* ChronosWidgetExtension watch */,
			);
		};
/* End PBXProject section */

/* Begin PBXResourcesBuildPhase section */
		9BA3E2C528CE6E2900C2E75C /* Resources */ = {
			isa = PBXResourcesBuildPhase;
			buildActionMask = 2147483647;
			files = (
				9BA3E2E428CE71CA00C2E75C /* Assets.xcassets in Resources */,
			);
			runOnlyForDeploymentPostprocessing = 0;
		};
		9BF3935928D489510060DFC0 /* Resources */ = {
			isa = PBXResourcesBuildPhase;
			buildActionMask = 2147483647;
			files = (
			);
			runOnlyForDeploymentPostprocessing = 0;
		};
		9BFC81DA28377E8100219B51 /* Resources */ = {
			isa = PBXResourcesBuildPhase;
			buildActionMask = 2147483647;
			files = (
				9BFC820528377E8100219B51 /* Assets.xcassets in Resources */,
			);
			runOnlyForDeploymentPostprocessing = 0;
		};
		9BFC81E028377E8100219B51 /* Resources */ = {
			isa = PBXResourcesBuildPhase;
			buildActionMask = 2147483647;
			files = (
				9BFC820628377E8100219B51 /* Assets.xcassets in Resources */,
			);
			runOnlyForDeploymentPostprocessing = 0;
		};
		9BFC81E728377E8100219B51 /* Resources */ = {
			isa = PBXResourcesBuildPhase;
			buildActionMask = 2147483647;
			files = (
			);
			runOnlyForDeploymentPostprocessing = 0;
		};
		9BFC81F328377E8100219B51 /* Resources */ = {
			isa = PBXResourcesBuildPhase;
			buildActionMask = 2147483647;
			files = (
			);
			runOnlyForDeploymentPostprocessing = 0;
		};
		9BFCC21228D8DCC900FC2CED /* Resources */ = {
			isa = PBXResourcesBuildPhase;
			buildActionMask = 2147483647;
			files = (
				9BFCC22128D8DCCA00FC2CED /* Preview Assets.xcassets in Resources */,
				9BB93DDE28E21D720010CC4E /* Assets.xcassets in Resources */,
				9BFCC21E28D8DCCA00FC2CED /* Assets.xcassets in Resources */,
			);
			runOnlyForDeploymentPostprocessing = 0;
		};
		9BFCC23E28D8DD5500FC2CED /* Resources */ = {
			isa = PBXResourcesBuildPhase;
			buildActionMask = 2147483647;
			files = (
				9BFCC23F28D8DD5500FC2CED /* Assets.xcassets in Resources */,
			);
			runOnlyForDeploymentPostprocessing = 0;
		};
/* End PBXResourcesBuildPhase section */

/* Begin PBXSourcesBuildPhase section */
		9BA3E2C328CE6E2900C2E75C /* Sources */ = {
			isa = PBXSourcesBuildPhase;
			buildActionMask = 2147483647;
			files = (
				9BA3E2E228CE704F00C2E75C /* Chronos.xcdatamodeld in Sources */,
				9BA3E2CF28CE6E2900C2E75C /* ChronosWidget.swift in Sources */,
				9B9F100028D872800093458D /* CounterTopView.swift in Sources */,
				9BA3E2E328CE708100C2E75C /* Functions.swift in Sources */,
				9BA3E2E028CE704C00C2E75C /* DataController.swift in Sources */,
				9BA3E2DE28CE703B00C2E75C /* DaysView.swift in Sources */,
				9BA3E2D428CE6E2A00C2E75C /* ChronosWidget.intentdefinition in Sources */,
				9B55DB3E28F95ED900D4ED81 /* ImageSegmentationTest.swift in Sources */,
				9BA3E2DD28CE703B00C2E75C /* CounterCardView.swift in Sources */,
				9BA3E2E128CE704C00C2E75C /* Counter.swift in Sources */,
			);
			runOnlyForDeploymentPostprocessing = 0;
		};
		9BF3935728D489510060DFC0 /* Sources */ = {
			isa = PBXSourcesBuildPhase;
			buildActionMask = 2147483647;
			files = (
				9BF3937E28D48F2C0060DFC0 /* Counter.swift in Sources */,
				9BF3936028D489510060DFC0 /* IntentHandler.swift in Sources */,
				9BF3937F28D490CD0060DFC0 /* Chronos.xcdatamodeld in Sources */,
				9BF3937D28D48F2C0060DFC0 /* DataController.swift in Sources */,
				9BF3937C28D48A180060DFC0 /* ChronosWidget.intentdefinition in Sources */,
				9BF3938028D491000060DFC0 /* Functions.swift in Sources */,
			);
			runOnlyForDeploymentPostprocessing = 0;
		};
		9BFC81D828377E8100219B51 /* Sources */ = {
			isa = PBXSourcesBuildPhase;
			buildActionMask = 2147483647;
			files = (
				9B87C978283A93E40019395E /* Counter.swift in Sources */,
				9B5E5AEB28C15370002E8056 /* CreateView.swift in Sources */,
				9BDC827928C510310032A49E /* CreateTopView.swift in Sources */,
				9B87C974283A88B40019395E /* DataController.swift in Sources */,
				9B5E5AEE28C15583002E8056 /* BackgroundPicker.swift in Sources */,
				9B9F0FFE28D872560093458D /* SettingsView.swift in Sources */,
				9B16483B28C38F8300B45637 /* ImageColorTest.swift in Sources */,
				9BFC81FF28377E8100219B51 /* ChronosCountdownApp.swift in Sources */,
				9BA3E2D528CE6E2A00C2E75C /* ChronosWidget.intentdefinition in Sources */,
				9BA5F43C28F46EDB0015F429 /* AppIconView.swift in Sources */,
				9B5E5AF128C1627F002E8056 /* CircleElementView.swift in Sources */,
				9B8F9B1628F1D0F700C506E0 /* Symbols.swift in Sources */,
				9BDC827C28C515330032A49E /* Functions.swift in Sources */,
				9B73E112283C0849009178A2 /* DaysView.swift in Sources */,
				9B206CC828F191E500C50624 /* SymbolsView.swift in Sources */,
				9B0A395E28F8335100A10B16 /* ImageSegmentationTest.swift in Sources */,
				9BFC81FD28377E8100219B51 /* Chronos.xcdatamodeld in Sources */,
				9BBA6794284A26BD00BF688C /* CounterCardView.swift in Sources */,
				9B9CECE328C1FC04008ADF1E /* SymbolPicker.swift in Sources */,
				9B73E115283C09BE009178A2 /* CounterTopView.swift in Sources */,
				9BFC820128377E8100219B51 /* MainView.swift in Sources */,
			);
			runOnlyForDeploymentPostprocessing = 0;
		};
		9BFC81DE28377E8100219B51 /* Sources */ = {
			isa = PBXSourcesBuildPhase;
			buildActionMask = 2147483647;
			files = (
				9B9F0FFF28D872560093458D /* SettingsView.swift in Sources */,
				9B87C979283A93E40019395E /* Counter.swift in Sources */,
				9B8F9B1728F1D0F700C506E0 /* Symbols.swift in Sources */,
				9B5E5AEC28C15370002E8056 /* CreateView.swift in Sources */,
				9B87C975283A88B40019395E /* DataController.swift in Sources */,
				9BDC827D28C515330032A49E /* Functions.swift in Sources */,
				9B5E5AEF28C15583002E8056 /* BackgroundPicker.swift in Sources */,
				9BDC827A28C510310032A49E /* CreateTopView.swift in Sources */,
				9BFC820028377E8100219B51 /* ChronosCountdownApp.swift in Sources */,
				9B5E5AF228C1627F002E8056 /* CircleElementView.swift in Sources */,
				9B73E113283C0849009178A2 /* DaysView.swift in Sources */,
				9B0A395F28F8335100A10B16 /* ImageSegmentationTest.swift in Sources */,
				9BFC81FE28377E8100219B51 /* Chronos.xcdatamodeld in Sources */,
				9BBA6795284A26BD00BF688C /* CounterCardView.swift in Sources */,
				9B206CC928F191E500C50624 /* SymbolsView.swift in Sources */,
				9B9CECE428C1FC05008ADF1E /* SymbolPicker.swift in Sources */,
				9B73E116283C09BE009178A2 /* CounterTopView.swift in Sources */,
				9BFC820228377E8100219B51 /* MainView.swift in Sources */,
				9BA5F43D28F46EDB0015F429 /* AppIconView.swift in Sources */,
			);
			runOnlyForDeploymentPostprocessing = 0;
		};
		9BFC81E528377E8100219B51 /* Sources */ = {
			isa = PBXSourcesBuildPhase;
			buildActionMask = 2147483647;
			files = (
				9B87C97A283A93E40019395E /* Counter.swift in Sources */,
				9B87C976283A88B40019395E /* DataController.swift in Sources */,
				9BFC81F028377E8100219B51 /* Tests_iOSLaunchTests.swift in Sources */,
				9BFC81EE28377E8100219B51 /* Tests_iOS.swift in Sources */,
				9BFC824E2839571E00219B51 /* Chronos.xcdatamodeld in Sources */,
				9B27B23228E343C8002DE045 /* Functions.swift in Sources */,
			);
			runOnlyForDeploymentPostprocessing = 0;
		};
		9BFC81F128377E8100219B51 /* Sources */ = {
			isa = PBXSourcesBuildPhase;
			buildActionMask = 2147483647;
			files = (
				9BFC81FC28377E8100219B51 /* Tests_macOSLaunchTests.swift in Sources */,
				9BFC81FA28377E8100219B51 /* Tests_macOS.swift in Sources */,
				9B27B23328E343C8002DE045 /* Functions.swift in Sources */,
			);
			runOnlyForDeploymentPostprocessing = 0;
		};
		9BFCC21028D8DCC900FC2CED /* Sources */ = {
			isa = PBXSourcesBuildPhase;
			buildActionMask = 2147483647;
			files = (
				9BFCC21C28D8DCC900FC2CED /* ContentView.swift in Sources */,
				9BFCC22A28D8DD3700FC2CED /* DaysView.swift in Sources */,
				9BFCC22B28D8DD3700FC2CED /* CounterTopView.swift in Sources */,
				9BFCC22F28D8DD3F00FC2CED /* Chronos.xcdatamodeld in Sources */,
				9BFCC21A28D8DCC900FC2CED /* ChronosApp.swift in Sources */,
				9BFCC22928D8DD2D00FC2CED /* Functions.swift in Sources */,
				9BFCC22E28D8DD3C00FC2CED /* DataController.swift in Sources */,
				9B55DB4028F95EDA00D4ED81 /* ImageSegmentationTest.swift in Sources */,
				9BFCC22C28D8DD3700FC2CED /* CounterCardView.swift in Sources */,
				9BFCC22D28D8DD3C00FC2CED /* Counter.swift in Sources */,
			);
			runOnlyForDeploymentPostprocessing = 0;
		};
		9BFCC23128D8DD5500FC2CED /* Sources */ = {
			isa = PBXSourcesBuildPhase;
			buildActionMask = 2147483647;
			files = (
				9BFCC23228D8DD5500FC2CED /* Chronos.xcdatamodeld in Sources */,
				9BFCC23328D8DD5500FC2CED /* ChronosWidget.swift in Sources */,
				9BFCC23428D8DD5500FC2CED /* Functions.swift in Sources */,
				9BFCC23528D8DD5500FC2CED /* DataController.swift in Sources */,
				9BFCC23628D8DD5500FC2CED /* DaysView.swift in Sources */,
				9BFCC23728D8DD5500FC2CED /* CounterTopView.swift in Sources */,
				9BFCC23828D8DD5500FC2CED /* ChronosWidget.intentdefinition in Sources */,
				9B55DB4128F95EDA00D4ED81 /* ImageSegmentationTest.swift in Sources */,
				9BFCC23928D8DD5500FC2CED /* CounterCardView.swift in Sources */,
				9BFCC23A28D8DD5500FC2CED /* Counter.swift in Sources */,
			);
			runOnlyForDeploymentPostprocessing = 0;
		};
/* End PBXSourcesBuildPhase section */

/* Begin PBXTargetDependency section */
		9BA3E2D728CE6E2A00C2E75C /* PBXTargetDependency */ = {
			isa = PBXTargetDependency;
			target = 9BA3E2C628CE6E2900C2E75C /* ChronosWidgetExtension */;
			targetProxy = 9BA3E2D628CE6E2A00C2E75C /* PBXContainerItemProxy */;
		};
		9BF3937428D489510060DFC0 /* PBXTargetDependency */ = {
			isa = PBXTargetDependency;
			target = 9BF3935A28D489510060DFC0 /* CounterIntentExtension */;
			targetProxy = 9BF3937328D489510060DFC0 /* PBXContainerItemProxy */;
		};
		9BFC81EB28377E8100219B51 /* PBXTargetDependency */ = {
			isa = PBXTargetDependency;
			target = 9BFC81DB28377E8100219B51 /* Chronos (iOS) */;
			targetProxy = 9BFC81EA28377E8100219B51 /* PBXContainerItemProxy */;
		};
		9BFC81F728377E8100219B51 /* PBXTargetDependency */ = {
			isa = PBXTargetDependency;
			target = 9BFC81E128377E8100219B51 /* Chronos (macOS) */;
			targetProxy = 9BFC81F628377E8100219B51 /* PBXContainerItemProxy */;
		};
		9BFCC24828D8DDCE00FC2CED /* PBXTargetDependency */ = {
			isa = PBXTargetDependency;
			target = 9BFCC23028D8DD5500FC2CED /* ChronosWidgetExtension watch */;
			targetProxy = 9BFCC24728D8DDCE00FC2CED /* PBXContainerItemProxy */;
		};
/* End PBXTargetDependency section */

/* Begin XCBuildConfiguration section */
		9BA3E2DA28CE6E2A00C2E75C /* Debug */ = {
			isa = XCBuildConfiguration;
			buildSettings = {
				ASSETCATALOG_COMPILER_GLOBAL_ACCENT_COLOR_NAME = AccentColor;
				ASSETCATALOG_COMPILER_WIDGET_BACKGROUND_COLOR_NAME = WidgetBackground;
				CLANG_CXX_LANGUAGE_STANDARD = "gnu++20";
				CODE_SIGN_ENTITLEMENTS = ChronosWidget/ChronosWidgetExtension.entitlements;
				CODE_SIGN_IDENTITY = "Apple Development";
				CODE_SIGN_STYLE = Automatic;
				CURRENT_PROJECT_VERSION = 1;
				DEVELOPMENT_TEAM = 6MWN6EWBL2;
				GENERATE_INFOPLIST_FILE = YES;
				INFOPLIST_FILE = ChronosWidget/Info.plist;
				INFOPLIST_KEY_CFBundleDisplayName = ChronosWidget;
				INFOPLIST_KEY_NSHumanReadableCopyright = "";
				IPHONEOS_DEPLOYMENT_TARGET = 16.0;
				LD_RUNPATH_SEARCH_PATHS = (
					"$(inherited)",
					"@executable_path/Frameworks",
					"@executable_path/../../Frameworks",
				);
				MARKETING_VERSION = 1.0;
				PRODUCT_BUNDLE_IDENTIFIER = "com.Alessandro.Alberti.Chronos-Countdown.ChronosWidget";
				PRODUCT_NAME = "$(TARGET_NAME)";
				PROVISIONING_PROFILE_SPECIFIER = "";
				SDKROOT = iphoneos;
				SKIP_INSTALL = YES;
				SWIFT_EMIT_LOC_STRINGS = YES;
				SWIFT_VERSION = 5.0;
				TARGETED_DEVICE_FAMILY = "1,2";
			};
			name = Debug;
		};
		9BA3E2DB28CE6E2A00C2E75C /* Release */ = {
			isa = XCBuildConfiguration;
			buildSettings = {
				ASSETCATALOG_COMPILER_GLOBAL_ACCENT_COLOR_NAME = AccentColor;
				ASSETCATALOG_COMPILER_WIDGET_BACKGROUND_COLOR_NAME = WidgetBackground;
				CLANG_CXX_LANGUAGE_STANDARD = "gnu++20";
				CODE_SIGN_ENTITLEMENTS = ChronosWidget/ChronosWidgetExtension.entitlements;
				CODE_SIGN_IDENTITY = "Apple Development";
				CODE_SIGN_STYLE = Automatic;
				CURRENT_PROJECT_VERSION = 1;
				DEVELOPMENT_TEAM = 6MWN6EWBL2;
				GENERATE_INFOPLIST_FILE = YES;
				INFOPLIST_FILE = ChronosWidget/Info.plist;
				INFOPLIST_KEY_CFBundleDisplayName = ChronosWidget;
				INFOPLIST_KEY_NSHumanReadableCopyright = "";
				IPHONEOS_DEPLOYMENT_TARGET = 16.0;
				LD_RUNPATH_SEARCH_PATHS = (
					"$(inherited)",
					"@executable_path/Frameworks",
					"@executable_path/../../Frameworks",
				);
				MARKETING_VERSION = 1.0;
				PRODUCT_BUNDLE_IDENTIFIER = "com.Alessandro.Alberti.Chronos-Countdown.ChronosWidget";
				PRODUCT_NAME = "$(TARGET_NAME)";
				PROVISIONING_PROFILE_SPECIFIER = "";
				SDKROOT = iphoneos;
				SKIP_INSTALL = YES;
				SWIFT_EMIT_LOC_STRINGS = YES;
				SWIFT_VERSION = 5.0;
				TARGETED_DEVICE_FAMILY = "1,2";
				VALIDATE_PRODUCT = YES;
			};
			name = Release;
		};
		9BF3937A28D489510060DFC0 /* Debug */ = {
			isa = XCBuildConfiguration;
			buildSettings = {
				CLANG_CXX_LANGUAGE_STANDARD = "gnu++20";
				CODE_SIGN_ENTITLEMENTS = CounterIntentExtension/CounterIntentExtension.entitlements;
				CODE_SIGN_STYLE = Automatic;
				CURRENT_PROJECT_VERSION = 1;
				DEVELOPMENT_TEAM = 6MWN6EWBL2;
				GENERATE_INFOPLIST_FILE = YES;
				INFOPLIST_FILE = CounterIntentExtension/Info.plist;
				INFOPLIST_KEY_CFBundleDisplayName = CounterIntentExtension;
				INFOPLIST_KEY_NSHumanReadableCopyright = "";
				IPHONEOS_DEPLOYMENT_TARGET = 16.0;
				LD_RUNPATH_SEARCH_PATHS = (
					"$(inherited)",
					"@executable_path/Frameworks",
					"@executable_path/../../Frameworks",
				);
				MARKETING_VERSION = 1.0;
				PRODUCT_BUNDLE_IDENTIFIER = "com.Alessandro.Alberti.Chronos-Countdown.CounterIntentExtension";
				PRODUCT_NAME = "$(TARGET_NAME)";
				SDKROOT = iphoneos;
				SKIP_INSTALL = YES;
				SWIFT_EMIT_LOC_STRINGS = YES;
				SWIFT_VERSION = 5.0;
				TARGETED_DEVICE_FAMILY = "1,2";
			};
			name = Debug;
		};
		9BF3937B28D489510060DFC0 /* Release */ = {
			isa = XCBuildConfiguration;
			buildSettings = {
				CLANG_CXX_LANGUAGE_STANDARD = "gnu++20";
				CODE_SIGN_ENTITLEMENTS = CounterIntentExtension/CounterIntentExtension.entitlements;
				CODE_SIGN_STYLE = Automatic;
				CURRENT_PROJECT_VERSION = 1;
				DEVELOPMENT_TEAM = 6MWN6EWBL2;
				GENERATE_INFOPLIST_FILE = YES;
				INFOPLIST_FILE = CounterIntentExtension/Info.plist;
				INFOPLIST_KEY_CFBundleDisplayName = CounterIntentExtension;
				INFOPLIST_KEY_NSHumanReadableCopyright = "";
				IPHONEOS_DEPLOYMENT_TARGET = 16.0;
				LD_RUNPATH_SEARCH_PATHS = (
					"$(inherited)",
					"@executable_path/Frameworks",
					"@executable_path/../../Frameworks",
				);
				MARKETING_VERSION = 1.0;
				PRODUCT_BUNDLE_IDENTIFIER = "com.Alessandro.Alberti.Chronos-Countdown.CounterIntentExtension";
				PRODUCT_NAME = "$(TARGET_NAME)";
				SDKROOT = iphoneos;
				SKIP_INSTALL = YES;
				SWIFT_EMIT_LOC_STRINGS = YES;
				SWIFT_VERSION = 5.0;
				TARGETED_DEVICE_FAMILY = "1,2";
				VALIDATE_PRODUCT = YES;
			};
			name = Release;
		};
		9BFC820728377E8100219B51 /* Debug */ = {
			isa = XCBuildConfiguration;
			buildSettings = {
				ALWAYS_SEARCH_USER_PATHS = NO;
				CLANG_ANALYZER_NONNULL = YES;
				CLANG_ANALYZER_NUMBER_OBJECT_CONVERSION = YES_AGGRESSIVE;
				CLANG_CXX_LANGUAGE_STANDARD = "gnu++17";
				CLANG_ENABLE_MODULES = YES;
				CLANG_ENABLE_OBJC_ARC = YES;
				CLANG_ENABLE_OBJC_WEAK = YES;
				CLANG_WARN_BLOCK_CAPTURE_AUTORELEASING = YES;
				CLANG_WARN_BOOL_CONVERSION = YES;
				CLANG_WARN_COMMA = YES;
				CLANG_WARN_CONSTANT_CONVERSION = YES;
				CLANG_WARN_DEPRECATED_OBJC_IMPLEMENTATIONS = YES;
				CLANG_WARN_DIRECT_OBJC_ISA_USAGE = YES_ERROR;
				CLANG_WARN_DOCUMENTATION_COMMENTS = YES;
				CLANG_WARN_EMPTY_BODY = YES;
				CLANG_WARN_ENUM_CONVERSION = YES;
				CLANG_WARN_INFINITE_RECURSION = YES;
				CLANG_WARN_INT_CONVERSION = YES;
				CLANG_WARN_NON_LITERAL_NULL_CONVERSION = YES;
				CLANG_WARN_OBJC_IMPLICIT_RETAIN_SELF = YES;
				CLANG_WARN_OBJC_LITERAL_CONVERSION = YES;
				CLANG_WARN_OBJC_ROOT_CLASS = YES_ERROR;
				CLANG_WARN_QUOTED_INCLUDE_IN_FRAMEWORK_HEADER = YES;
				CLANG_WARN_RANGE_LOOP_ANALYSIS = YES;
				CLANG_WARN_STRICT_PROTOTYPES = YES;
				CLANG_WARN_SUSPICIOUS_MOVE = YES;
				CLANG_WARN_UNGUARDED_AVAILABILITY = YES_AGGRESSIVE;
				CLANG_WARN_UNREACHABLE_CODE = YES;
				CLANG_WARN__DUPLICATE_METHOD_MATCH = YES;
				COPY_PHASE_STRIP = NO;
				DEAD_CODE_STRIPPING = YES;
				DEBUG_INFORMATION_FORMAT = dwarf;
				ENABLE_STRICT_OBJC_MSGSEND = YES;
				ENABLE_TESTABILITY = YES;
				GCC_C_LANGUAGE_STANDARD = gnu11;
				GCC_DYNAMIC_NO_PIC = NO;
				GCC_NO_COMMON_BLOCKS = YES;
				GCC_OPTIMIZATION_LEVEL = 0;
				GCC_PREPROCESSOR_DEFINITIONS = (
					"DEBUG=1",
					"$(inherited)",
				);
				GCC_WARN_64_TO_32_BIT_CONVERSION = YES;
				GCC_WARN_ABOUT_RETURN_TYPE = YES_ERROR;
				GCC_WARN_UNDECLARED_SELECTOR = YES;
				GCC_WARN_UNINITIALIZED_AUTOS = YES_AGGRESSIVE;
				GCC_WARN_UNUSED_FUNCTION = YES;
				GCC_WARN_UNUSED_VARIABLE = YES;
				MTL_ENABLE_DEBUG_INFO = INCLUDE_SOURCE;
				MTL_FAST_MATH = YES;
				ONLY_ACTIVE_ARCH = YES;
				SWIFT_ACTIVE_COMPILATION_CONDITIONS = DEBUG;
				SWIFT_OPTIMIZATION_LEVEL = "-Onone";
			};
			name = Debug;
		};
		9BFC820828377E8100219B51 /* Release */ = {
			isa = XCBuildConfiguration;
			buildSettings = {
				ALWAYS_SEARCH_USER_PATHS = NO;
				CLANG_ANALYZER_NONNULL = YES;
				CLANG_ANALYZER_NUMBER_OBJECT_CONVERSION = YES_AGGRESSIVE;
				CLANG_CXX_LANGUAGE_STANDARD = "gnu++17";
				CLANG_ENABLE_MODULES = YES;
				CLANG_ENABLE_OBJC_ARC = YES;
				CLANG_ENABLE_OBJC_WEAK = YES;
				CLANG_WARN_BLOCK_CAPTURE_AUTORELEASING = YES;
				CLANG_WARN_BOOL_CONVERSION = YES;
				CLANG_WARN_COMMA = YES;
				CLANG_WARN_CONSTANT_CONVERSION = YES;
				CLANG_WARN_DEPRECATED_OBJC_IMPLEMENTATIONS = YES;
				CLANG_WARN_DIRECT_OBJC_ISA_USAGE = YES_ERROR;
				CLANG_WARN_DOCUMENTATION_COMMENTS = YES;
				CLANG_WARN_EMPTY_BODY = YES;
				CLANG_WARN_ENUM_CONVERSION = YES;
				CLANG_WARN_INFINITE_RECURSION = YES;
				CLANG_WARN_INT_CONVERSION = YES;
				CLANG_WARN_NON_LITERAL_NULL_CONVERSION = YES;
				CLANG_WARN_OBJC_IMPLICIT_RETAIN_SELF = YES;
				CLANG_WARN_OBJC_LITERAL_CONVERSION = YES;
				CLANG_WARN_OBJC_ROOT_CLASS = YES_ERROR;
				CLANG_WARN_QUOTED_INCLUDE_IN_FRAMEWORK_HEADER = YES;
				CLANG_WARN_RANGE_LOOP_ANALYSIS = YES;
				CLANG_WARN_STRICT_PROTOTYPES = YES;
				CLANG_WARN_SUSPICIOUS_MOVE = YES;
				CLANG_WARN_UNGUARDED_AVAILABILITY = YES_AGGRESSIVE;
				CLANG_WARN_UNREACHABLE_CODE = YES;
				CLANG_WARN__DUPLICATE_METHOD_MATCH = YES;
				COPY_PHASE_STRIP = NO;
				DEAD_CODE_STRIPPING = YES;
				DEBUG_INFORMATION_FORMAT = "dwarf-with-dsym";
				ENABLE_NS_ASSERTIONS = NO;
				ENABLE_STRICT_OBJC_MSGSEND = YES;
				GCC_C_LANGUAGE_STANDARD = gnu11;
				GCC_NO_COMMON_BLOCKS = YES;
				GCC_WARN_64_TO_32_BIT_CONVERSION = YES;
				GCC_WARN_ABOUT_RETURN_TYPE = YES_ERROR;
				GCC_WARN_UNDECLARED_SELECTOR = YES;
				GCC_WARN_UNINITIALIZED_AUTOS = YES_AGGRESSIVE;
				GCC_WARN_UNUSED_FUNCTION = YES;
				GCC_WARN_UNUSED_VARIABLE = YES;
				MTL_ENABLE_DEBUG_INFO = NO;
				MTL_FAST_MATH = YES;
				SWIFT_COMPILATION_MODE = wholemodule;
				SWIFT_OPTIMIZATION_LEVEL = "-O";
			};
			name = Release;
		};
		9BFC820A28377E8100219B51 /* Debug */ = {
			isa = XCBuildConfiguration;
			buildSettings = {
				ALWAYS_EMBED_SWIFT_STANDARD_LIBRARIES = YES;
				ASSETCATALOG_COMPILER_APPICON_NAME = AppIcon;
				ASSETCATALOG_COMPILER_GLOBAL_ACCENT_COLOR_NAME = AccentColor;
				ASSETCATALOG_COMPILER_INCLUDE_ALL_APPICON_ASSETS = YES;
				CODE_SIGN_ENTITLEMENTS = "Chronos Countdown (iOS).entitlements";
				CODE_SIGN_STYLE = Automatic;
				CURRENT_PROJECT_VERSION = 1;
				DEVELOPMENT_TEAM = 6MWN6EWBL2;
				ENABLE_PREVIEWS = YES;
				GENERATE_INFOPLIST_FILE = YES;
				INFOPLIST_FILE = "Chronos-Countdown--iOS--Info.plist";
				INFOPLIST_KEY_CFBundleDisplayName = Chronos;
				INFOPLIST_KEY_UIApplicationSceneManifest_Generation = YES;
				INFOPLIST_KEY_UIApplicationSupportsIndirectInputEvents = YES;
				INFOPLIST_KEY_UILaunchScreen_Generation = YES;
				INFOPLIST_KEY_UISupportedInterfaceOrientations_iPad = "UIInterfaceOrientationPortrait UIInterfaceOrientationPortraitUpsideDown UIInterfaceOrientationLandscapeLeft UIInterfaceOrientationLandscapeRight";
				INFOPLIST_KEY_UISupportedInterfaceOrientations_iPhone = "UIInterfaceOrientationPortrait UIInterfaceOrientationLandscapeLeft UIInterfaceOrientationLandscapeRight";
				IPHONEOS_DEPLOYMENT_TARGET = 16.0;
				LD_RUNPATH_SEARCH_PATHS = (
					"$(inherited)",
					"@executable_path/Frameworks",
				);
				MARKETING_VERSION = 1.0;
				PRODUCT_BUNDLE_IDENTIFIER = "com.Alessandro.Alberti.Chronos-Countdown";
				PRODUCT_NAME = "Chronos Countdown";
				SDKROOT = iphoneos;
				SWIFT_EMIT_LOC_STRINGS = YES;
				SWIFT_VERSION = 5.0;
				TARGETED_DEVICE_FAMILY = "1,2";
			};
			name = Debug;
		};
		9BFC820B28377E8100219B51 /* Release */ = {
			isa = XCBuildConfiguration;
			buildSettings = {
				ALWAYS_EMBED_SWIFT_STANDARD_LIBRARIES = YES;
				ASSETCATALOG_COMPILER_APPICON_NAME = AppIcon;
				ASSETCATALOG_COMPILER_GLOBAL_ACCENT_COLOR_NAME = AccentColor;
				ASSETCATALOG_COMPILER_INCLUDE_ALL_APPICON_ASSETS = YES;
				CODE_SIGN_ENTITLEMENTS = "Chronos Countdown (iOS).entitlements";
				CODE_SIGN_STYLE = Automatic;
				CURRENT_PROJECT_VERSION = 1;
				DEVELOPMENT_TEAM = 6MWN6EWBL2;
				ENABLE_PREVIEWS = YES;
				GENERATE_INFOPLIST_FILE = YES;
				INFOPLIST_FILE = "Chronos-Countdown--iOS--Info.plist";
				INFOPLIST_KEY_CFBundleDisplayName = Chronos;
				INFOPLIST_KEY_UIApplicationSceneManifest_Generation = YES;
				INFOPLIST_KEY_UIApplicationSupportsIndirectInputEvents = YES;
				INFOPLIST_KEY_UILaunchScreen_Generation = YES;
				INFOPLIST_KEY_UISupportedInterfaceOrientations_iPad = "UIInterfaceOrientationPortrait UIInterfaceOrientationPortraitUpsideDown UIInterfaceOrientationLandscapeLeft UIInterfaceOrientationLandscapeRight";
				INFOPLIST_KEY_UISupportedInterfaceOrientations_iPhone = "UIInterfaceOrientationPortrait UIInterfaceOrientationLandscapeLeft UIInterfaceOrientationLandscapeRight";
				IPHONEOS_DEPLOYMENT_TARGET = 16.0;
				LD_RUNPATH_SEARCH_PATHS = (
					"$(inherited)",
					"@executable_path/Frameworks",
				);
				MARKETING_VERSION = 1.0;
				PRODUCT_BUNDLE_IDENTIFIER = "com.Alessandro.Alberti.Chronos-Countdown";
				PRODUCT_NAME = "Chronos Countdown";
				SDKROOT = iphoneos;
				SWIFT_EMIT_LOC_STRINGS = YES;
				SWIFT_VERSION = 5.0;
				TARGETED_DEVICE_FAMILY = "1,2";
				VALIDATE_PRODUCT = YES;
			};
			name = Release;
		};
		9BFC820D28377E8100219B51 /* Debug */ = {
			isa = XCBuildConfiguration;
			buildSettings = {
				ASSETCATALOG_COMPILER_APPICON_NAME = AppIcon;
				ASSETCATALOG_COMPILER_GLOBAL_ACCENT_COLOR_NAME = AccentColor;
				CODE_SIGN_ENTITLEMENTS = macOS/macOS.entitlements;
				CODE_SIGN_IDENTITY = "-";
				CODE_SIGN_STYLE = Automatic;
				COMBINE_HIDPI_IMAGES = YES;
				CURRENT_PROJECT_VERSION = 1;
				DEAD_CODE_STRIPPING = YES;
				DEVELOPMENT_TEAM = 6MWN6EWBL2;
				ENABLE_HARDENED_RUNTIME = YES;
				ENABLE_PREVIEWS = YES;
				GENERATE_INFOPLIST_FILE = YES;
				INFOPLIST_KEY_NSHumanReadableCopyright = "";
				LD_RUNPATH_SEARCH_PATHS = (
					"$(inherited)",
					"@executable_path/../Frameworks",
				);
				MACOSX_DEPLOYMENT_TARGET = 12.3;
				MARKETING_VERSION = 1.0;
				PRODUCT_BUNDLE_IDENTIFIER = "com.Alessandro.Alberti.Chronos-Countdown";
				PRODUCT_NAME = "Chronos Countdown";
				SDKROOT = macosx;
				SWIFT_EMIT_LOC_STRINGS = YES;
				SWIFT_VERSION = 5.0;
			};
			name = Debug;
		};
		9BFC820E28377E8100219B51 /* Release */ = {
			isa = XCBuildConfiguration;
			buildSettings = {
				ASSETCATALOG_COMPILER_APPICON_NAME = AppIcon;
				ASSETCATALOG_COMPILER_GLOBAL_ACCENT_COLOR_NAME = AccentColor;
				CODE_SIGN_ENTITLEMENTS = macOS/macOS.entitlements;
				CODE_SIGN_IDENTITY = "-";
				CODE_SIGN_STYLE = Automatic;
				COMBINE_HIDPI_IMAGES = YES;
				CURRENT_PROJECT_VERSION = 1;
				DEAD_CODE_STRIPPING = YES;
				DEVELOPMENT_TEAM = 6MWN6EWBL2;
				ENABLE_HARDENED_RUNTIME = YES;
				ENABLE_PREVIEWS = YES;
				GENERATE_INFOPLIST_FILE = YES;
				INFOPLIST_KEY_NSHumanReadableCopyright = "";
				LD_RUNPATH_SEARCH_PATHS = (
					"$(inherited)",
					"@executable_path/../Frameworks",
				);
				MACOSX_DEPLOYMENT_TARGET = 12.3;
				MARKETING_VERSION = 1.0;
				PRODUCT_BUNDLE_IDENTIFIER = "com.Alessandro.Alberti.Chronos-Countdown";
				PRODUCT_NAME = "Chronos Countdown";
				SDKROOT = macosx;
				SWIFT_EMIT_LOC_STRINGS = YES;
				SWIFT_VERSION = 5.0;
			};
			name = Release;
		};
		9BFC821028377E8100219B51 /* Debug */ = {
			isa = XCBuildConfiguration;
			buildSettings = {
				ALWAYS_EMBED_SWIFT_STANDARD_LIBRARIES = YES;
				CODE_SIGN_STYLE = Automatic;
				CURRENT_PROJECT_VERSION = 1;
				DEVELOPMENT_TEAM = 6MWN6EWBL2;
				GENERATE_INFOPLIST_FILE = YES;
				IPHONEOS_DEPLOYMENT_TARGET = 16.0;
				MARKETING_VERSION = 1.0;
				PRODUCT_BUNDLE_IDENTIFIER = "com.Alessandro.Alberti.Tests-iOS";
				PRODUCT_NAME = "$(TARGET_NAME)";
				SDKROOT = iphoneos;
				SWIFT_EMIT_LOC_STRINGS = NO;
				SWIFT_VERSION = 5.0;
				TARGETED_DEVICE_FAMILY = "1,2";
				TEST_TARGET_NAME = "Chronos Countdown (iOS)";
			};
			name = Debug;
		};
		9BFC821128377E8100219B51 /* Release */ = {
			isa = XCBuildConfiguration;
			buildSettings = {
				ALWAYS_EMBED_SWIFT_STANDARD_LIBRARIES = YES;
				CODE_SIGN_STYLE = Automatic;
				CURRENT_PROJECT_VERSION = 1;
				DEVELOPMENT_TEAM = 6MWN6EWBL2;
				GENERATE_INFOPLIST_FILE = YES;
				IPHONEOS_DEPLOYMENT_TARGET = 16.0;
				MARKETING_VERSION = 1.0;
				PRODUCT_BUNDLE_IDENTIFIER = "com.Alessandro.Alberti.Tests-iOS";
				PRODUCT_NAME = "$(TARGET_NAME)";
				SDKROOT = iphoneos;
				SWIFT_EMIT_LOC_STRINGS = NO;
				SWIFT_VERSION = 5.0;
				TARGETED_DEVICE_FAMILY = "1,2";
				TEST_TARGET_NAME = "Chronos Countdown (iOS)";
				VALIDATE_PRODUCT = YES;
			};
			name = Release;
		};
		9BFC821328377E8100219B51 /* Debug */ = {
			isa = XCBuildConfiguration;
			buildSettings = {
				ALWAYS_EMBED_SWIFT_STANDARD_LIBRARIES = YES;
				CODE_SIGN_STYLE = Automatic;
				CURRENT_PROJECT_VERSION = 1;
				DEAD_CODE_STRIPPING = YES;
				DEVELOPMENT_TEAM = 6MWN6EWBL2;
				GENERATE_INFOPLIST_FILE = YES;
				MACOSX_DEPLOYMENT_TARGET = 12.3;
				MARKETING_VERSION = 1.0;
				PRODUCT_BUNDLE_IDENTIFIER = "com.Alessandro.Alberti.Tests-macOS";
				PRODUCT_NAME = "$(TARGET_NAME)";
				SDKROOT = macosx;
				SWIFT_EMIT_LOC_STRINGS = NO;
				SWIFT_VERSION = 5.0;
				TEST_TARGET_NAME = "Chronos Countdown (macOS)";
			};
			name = Debug;
		};
		9BFC821428377E8100219B51 /* Release */ = {
			isa = XCBuildConfiguration;
			buildSettings = {
				ALWAYS_EMBED_SWIFT_STANDARD_LIBRARIES = YES;
				CODE_SIGN_STYLE = Automatic;
				CURRENT_PROJECT_VERSION = 1;
				DEAD_CODE_STRIPPING = YES;
				DEVELOPMENT_TEAM = 6MWN6EWBL2;
				GENERATE_INFOPLIST_FILE = YES;
				MACOSX_DEPLOYMENT_TARGET = 12.3;
				MARKETING_VERSION = 1.0;
				PRODUCT_BUNDLE_IDENTIFIER = "com.Alessandro.Alberti.Tests-macOS";
				PRODUCT_NAME = "$(TARGET_NAME)";
				SDKROOT = macosx;
				SWIFT_EMIT_LOC_STRINGS = NO;
				SWIFT_VERSION = 5.0;
				TEST_TARGET_NAME = "Chronos Countdown (macOS)";
			};
			name = Release;
		};
		9BFCC22528D8DCCA00FC2CED /* Debug */ = {
			isa = XCBuildConfiguration;
			buildSettings = {
				ASSETCATALOG_COMPILER_APPICON_NAME = AppIcon;
				ASSETCATALOG_COMPILER_GLOBAL_ACCENT_COLOR_NAME = AccentColor;
				CLANG_CXX_LANGUAGE_STANDARD = "gnu++20";
				CODE_SIGN_STYLE = Automatic;
				CURRENT_PROJECT_VERSION = 1;
				DEVELOPMENT_ASSET_PATHS = "\"Chronos Watch App/Preview Content\"";
				DEVELOPMENT_TEAM = 6MWN6EWBL2;
				ENABLE_PREVIEWS = YES;
				GENERATE_INFOPLIST_FILE = YES;
				INFOPLIST_KEY_CFBundleDisplayName = Chronos;
				INFOPLIST_KEY_UISupportedInterfaceOrientations = "UIInterfaceOrientationPortrait UIInterfaceOrientationPortraitUpsideDown";
				INFOPLIST_KEY_WKWatchOnly = YES;
				LD_RUNPATH_SEARCH_PATHS = (
					"$(inherited)",
					"@executable_path/Frameworks",
				);
				MARKETING_VERSION = 1.0;
				PRODUCT_BUNDLE_IDENTIFIER = com.Alessandro.Alberti.Chronos.watchkitapp;
				PRODUCT_NAME = "$(TARGET_NAME)";
				SDKROOT = watchos;
				SKIP_INSTALL = YES;
				SWIFT_EMIT_LOC_STRINGS = YES;
				SWIFT_VERSION = 5.0;
				TARGETED_DEVICE_FAMILY = 4;
				WATCHOS_DEPLOYMENT_TARGET = 9.0;
			};
			name = Debug;
		};
		9BFCC22628D8DCCA00FC2CED /* Release */ = {
			isa = XCBuildConfiguration;
			buildSettings = {
				ASSETCATALOG_COMPILER_APPICON_NAME = AppIcon;
				ASSETCATALOG_COMPILER_GLOBAL_ACCENT_COLOR_NAME = AccentColor;
				CLANG_CXX_LANGUAGE_STANDARD = "gnu++20";
				CODE_SIGN_STYLE = Automatic;
				CURRENT_PROJECT_VERSION = 1;
				DEVELOPMENT_ASSET_PATHS = "\"Chronos Watch App/Preview Content\"";
				DEVELOPMENT_TEAM = 6MWN6EWBL2;
				ENABLE_PREVIEWS = YES;
				GENERATE_INFOPLIST_FILE = YES;
				INFOPLIST_KEY_CFBundleDisplayName = Chronos;
				INFOPLIST_KEY_UISupportedInterfaceOrientations = "UIInterfaceOrientationPortrait UIInterfaceOrientationPortraitUpsideDown";
				INFOPLIST_KEY_WKWatchOnly = YES;
				LD_RUNPATH_SEARCH_PATHS = (
					"$(inherited)",
					"@executable_path/Frameworks",
				);
				MARKETING_VERSION = 1.0;
				PRODUCT_BUNDLE_IDENTIFIER = com.Alessandro.Alberti.Chronos.watchkitapp;
				PRODUCT_NAME = "$(TARGET_NAME)";
				SDKROOT = watchos;
				SKIP_INSTALL = YES;
				SWIFT_EMIT_LOC_STRINGS = YES;
				SWIFT_VERSION = 5.0;
				TARGETED_DEVICE_FAMILY = 4;
				VALIDATE_PRODUCT = YES;
				WATCHOS_DEPLOYMENT_TARGET = 9.0;
			};
			name = Release;
		};
		9BFCC24228D8DD5500FC2CED /* Debug */ = {
			isa = XCBuildConfiguration;
			buildSettings = {
				ASSETCATALOG_COMPILER_GLOBAL_ACCENT_COLOR_NAME = AccentColor;
				ASSETCATALOG_COMPILER_WIDGET_BACKGROUND_COLOR_NAME = WidgetBackground;
				CLANG_CXX_LANGUAGE_STANDARD = "gnu++20";
				CODE_SIGN_ENTITLEMENTS = ChronosWidget/ChronosWidgetExtension.entitlements;
				CODE_SIGN_IDENTITY = "Apple Development";
				CODE_SIGN_STYLE = Automatic;
				CURRENT_PROJECT_VERSION = 1;
				DEVELOPMENT_TEAM = 6MWN6EWBL2;
				GENERATE_INFOPLIST_FILE = YES;
				INFOPLIST_FILE = "ChronosWidgetExtension copy-Info.plist";
				INFOPLIST_KEY_CFBundleDisplayName = ChronosWidget;
				INFOPLIST_KEY_NSHumanReadableCopyright = "";
				IPHONEOS_DEPLOYMENT_TARGET = 16.0;
				LD_RUNPATH_SEARCH_PATHS = (
					"$(inherited)",
					"@executable_path/Frameworks",
					"@executable_path/../../Frameworks",
				);
				MARKETING_VERSION = 1.0;
				PRODUCT_BUNDLE_IDENTIFIER = com.Alessandro.Alberti.Chronos.watchkitapp.ChronosWidget;
				PRODUCT_NAME = "$(TARGET_NAME)";
				PROVISIONING_PROFILE_SPECIFIER = "";
				SDKROOT = watchos;
				SKIP_INSTALL = YES;
				SWIFT_EMIT_LOC_STRINGS = YES;
				SWIFT_VERSION = 5.0;
				TARGETED_DEVICE_FAMILY = "1,2";
			};
			name = Debug;
		};
		9BFCC24328D8DD5500FC2CED /* Release */ = {
			isa = XCBuildConfiguration;
			buildSettings = {
				ASSETCATALOG_COMPILER_GLOBAL_ACCENT_COLOR_NAME = AccentColor;
				ASSETCATALOG_COMPILER_WIDGET_BACKGROUND_COLOR_NAME = WidgetBackground;
				CLANG_CXX_LANGUAGE_STANDARD = "gnu++20";
				CODE_SIGN_ENTITLEMENTS = ChronosWidget/ChronosWidgetExtension.entitlements;
				CODE_SIGN_IDENTITY = "Apple Development";
				CODE_SIGN_STYLE = Automatic;
				CURRENT_PROJECT_VERSION = 1;
				DEVELOPMENT_TEAM = 6MWN6EWBL2;
				GENERATE_INFOPLIST_FILE = YES;
				INFOPLIST_FILE = "ChronosWidgetExtension copy-Info.plist";
				INFOPLIST_KEY_CFBundleDisplayName = ChronosWidget;
				INFOPLIST_KEY_NSHumanReadableCopyright = "";
				IPHONEOS_DEPLOYMENT_TARGET = 16.0;
				LD_RUNPATH_SEARCH_PATHS = (
					"$(inherited)",
					"@executable_path/Frameworks",
					"@executable_path/../../Frameworks",
				);
				MARKETING_VERSION = 1.0;
				PRODUCT_BUNDLE_IDENTIFIER = com.Alessandro.Alberti.Chronos.watchkitapp.ChronosWidget;
				PRODUCT_NAME = "$(TARGET_NAME)";
				PROVISIONING_PROFILE_SPECIFIER = "";
				SDKROOT = watchos;
				SKIP_INSTALL = YES;
				SWIFT_EMIT_LOC_STRINGS = YES;
				SWIFT_VERSION = 5.0;
				TARGETED_DEVICE_FAMILY = "1,2";
				VALIDATE_PRODUCT = YES;
			};
			name = Release;
		};
/* End XCBuildConfiguration section */

/* Begin XCConfigurationList section */
		9BA3E2DC28CE6E2A00C2E75C /* Build configuration list for PBXNativeTarget "ChronosWidgetExtension" */ = {
			isa = XCConfigurationList;
			buildConfigurations = (
				9BA3E2DA28CE6E2A00C2E75C /* Debug */,
				9BA3E2DB28CE6E2A00C2E75C /* Release */,
			);
			defaultConfigurationIsVisible = 0;
			defaultConfigurationName = Release;
		};
		9BF3937928D489510060DFC0 /* Build configuration list for PBXNativeTarget "CounterIntentExtension" */ = {
			isa = XCConfigurationList;
			buildConfigurations = (
				9BF3937A28D489510060DFC0 /* Debug */,
				9BF3937B28D489510060DFC0 /* Release */,
			);
			defaultConfigurationIsVisible = 0;
			defaultConfigurationName = Release;
		};
		9BFC81D028377E7E00219B51 /* Build configuration list for PBXProject "Chronos Countdown" */ = {
			isa = XCConfigurationList;
			buildConfigurations = (
				9BFC820728377E8100219B51 /* Debug */,
				9BFC820828377E8100219B51 /* Release */,
			);
			defaultConfigurationIsVisible = 0;
			defaultConfigurationName = Release;
		};
		9BFC820928377E8100219B51 /* Build configuration list for PBXNativeTarget "Chronos (iOS)" */ = {
			isa = XCConfigurationList;
			buildConfigurations = (
				9BFC820A28377E8100219B51 /* Debug */,
				9BFC820B28377E8100219B51 /* Release */,
			);
			defaultConfigurationIsVisible = 0;
			defaultConfigurationName = Release;
		};
		9BFC820C28377E8100219B51 /* Build configuration list for PBXNativeTarget "Chronos (macOS)" */ = {
			isa = XCConfigurationList;
			buildConfigurations = (
				9BFC820D28377E8100219B51 /* Debug */,
				9BFC820E28377E8100219B51 /* Release */,
			);
			defaultConfigurationIsVisible = 0;
			defaultConfigurationName = Release;
		};
		9BFC820F28377E8100219B51 /* Build configuration list for PBXNativeTarget "Tests iOS" */ = {
			isa = XCConfigurationList;
			buildConfigurations = (
				9BFC821028377E8100219B51 /* Debug */,
				9BFC821128377E8100219B51 /* Release */,
			);
			defaultConfigurationIsVisible = 0;
			defaultConfigurationName = Release;
		};
		9BFC821228377E8100219B51 /* Build configuration list for PBXNativeTarget "Tests macOS" */ = {
			isa = XCConfigurationList;
			buildConfigurations = (
				9BFC821328377E8100219B51 /* Debug */,
				9BFC821428377E8100219B51 /* Release */,
			);
			defaultConfigurationIsVisible = 0;
			defaultConfigurationName = Release;
		};
		9BFCC22728D8DCCA00FC2CED /* Build configuration list for PBXNativeTarget "Chronos Watch App" */ = {
			isa = XCConfigurationList;
			buildConfigurations = (
				9BFCC22528D8DCCA00FC2CED /* Debug */,
				9BFCC22628D8DCCA00FC2CED /* Release */,
			);
			defaultConfigurationIsVisible = 0;
			defaultConfigurationName = Release;
		};
		9BFCC24128D8DD5500FC2CED /* Build configuration list for PBXNativeTarget "ChronosWidgetExtension watch" */ = {
			isa = XCConfigurationList;
			buildConfigurations = (
				9BFCC24228D8DD5500FC2CED /* Debug */,
				9BFCC24328D8DD5500FC2CED /* Release */,
			);
			defaultConfigurationIsVisible = 0;
			defaultConfigurationName = Release;
		};
/* End XCConfigurationList section */

/* Begin XCVersionGroup section */
		9BFC81D228377E7F00219B51 /* Chronos.xcdatamodeld */ = {
			isa = XCVersionGroup;
			children = (
				9BFC81D328377E7F00219B51 /* Shared.xcdatamodel */,
			);
			currentVersion = 9BFC81D328377E7F00219B51 /* Shared.xcdatamodel */;
			path = Chronos.xcdatamodeld;
			sourceTree = "<group>";
			versionGroupType = wrapper.xcdatamodel;
		};
/* End XCVersionGroup section */
	};
	rootObject = 9BFC81CD28377E7E00219B51 /* Project object */;
}
